// !$*UTF8*$!
{
	archiveVersion = 1;
	classes = {
	};
	objectVersion = 46;
	objects = {

/* Begin PBXBuildFile section */
		9221C0291C4ED280007FA9D0 /* BMSAnalytics.h in Headers */ = {isa = PBXBuildFile; fileRef = 9221C0091C4ED26F007FA9D0 /* BMSAnalytics.h */; settings = {ATTRIBUTES = (Public, ); }; };
		9221C0461C4ED9AF007FA9D0 /* BMSAnalytics.swift in Sources */ = {isa = PBXBuildFile; fileRef = 9221C0431C4ED9AF007FA9D0 /* BMSAnalytics.swift */; };
		9221C0481C4ED9AF007FA9D0 /* BMSAnalytics+iOS.swift in Sources */ = {isa = PBXBuildFile; fileRef = 9221C0441C4ED9AF007FA9D0 /* BMSAnalytics+iOS.swift */; };
		9221C04D1C4ED9BC007FA9D0 /* BMSLogger.swift in Sources */ = {isa = PBXBuildFile; fileRef = 9221C04C1C4ED9BC007FA9D0 /* BMSLogger.swift */; };
		9221C0501C4ED9CF007FA9D0 /* BMSLoggerTests.swift in Sources */ = {isa = PBXBuildFile; fileRef = 9221C04F1C4ED9CF007FA9D0 /* BMSLoggerTests.swift */; };
		9221C0521C4EDA9C007FA9D0 /* BMSAnalyticsTests.swift in Sources */ = {isa = PBXBuildFile; fileRef = 9221C0511C4EDA9C007FA9D0 /* BMSAnalyticsTests.swift */; };
		9221C0541C4EDACC007FA9D0 /* LargeData.txt in Resources */ = {isa = PBXBuildFile; fileRef = 9221C0531C4EDACC007FA9D0 /* LargeData.txt */; };
		9221C0DC1C4EE159007FA9D0 /* Error.swift in Sources */ = {isa = PBXBuildFile; fileRef = 9221C0DB1C4EE159007FA9D0 /* Error.swift */; };
		924E0AC51CB5ABFC00C2FEE2 /* ExtensionDelegate.swift in Sources */ = {isa = PBXBuildFile; fileRef = 924E0AC01CB5ABFC00C2FEE2 /* ExtensionDelegate.swift */; };
		924E0AC61CB5ABFC00C2FEE2 /* InterfaceController.swift in Sources */ = {isa = PBXBuildFile; fileRef = 924E0AC11CB5ABFC00C2FEE2 /* InterfaceController.swift */; };
		924E0AC71CB5ABFC00C2FEE2 /* Assets.xcassets in Resources */ = {isa = PBXBuildFile; fileRef = 924E0AC31CB5ABFC00C2FEE2 /* Assets.xcassets */; };
		924E0ACF1CB5AC0400C2FEE2 /* Interface.storyboard in Resources */ = {isa = PBXBuildFile; fileRef = 924E0ACA1CB5AC0400C2FEE2 /* Interface.storyboard */; };
		924E0AD01CB5AC0400C2FEE2 /* Assets.xcassets in Resources */ = {isa = PBXBuildFile; fileRef = 924E0ACD1CB5AC0400C2FEE2 /* Assets.xcassets */; };
		924E0ADD1CB5AC0F00C2FEE2 /* AppDelegate.swift in Sources */ = {isa = PBXBuildFile; fileRef = 924E0AD31CB5AC0F00C2FEE2 /* AppDelegate.swift */; };
		924E0ADE1CB5AC0F00C2FEE2 /* LaunchScreen.storyboard in Resources */ = {isa = PBXBuildFile; fileRef = 924E0AD41CB5AC0F00C2FEE2 /* LaunchScreen.storyboard */; };
		924E0ADF1CB5AC0F00C2FEE2 /* Main.storyboard in Resources */ = {isa = PBXBuildFile; fileRef = 924E0AD61CB5AC0F00C2FEE2 /* Main.storyboard */; };
		924E0AE01CB5AC0F00C2FEE2 /* LogDisplayViewController.swift in Sources */ = {isa = PBXBuildFile; fileRef = 924E0AD81CB5AC0F00C2FEE2 /* LogDisplayViewController.swift */; };
		924E0AE11CB5AC0F00C2FEE2 /* LoggerViewController.swift in Sources */ = {isa = PBXBuildFile; fileRef = 924E0AD91CB5AC0F00C2FEE2 /* LoggerViewController.swift */; };
		924E0AE21CB5AC0F00C2FEE2 /* Assets.xcassets in Resources */ = {isa = PBXBuildFile; fileRef = 924E0ADB1CB5AC0F00C2FEE2 /* Assets.xcassets */; };
		924E0AE41CB5ADCC00C2FEE2 /* BMSAnalytics.h in Headers */ = {isa = PBXBuildFile; fileRef = 9221C0091C4ED26F007FA9D0 /* BMSAnalytics.h */; settings = {ATTRIBUTES = (Public, ); }; };
		9261C07D1CBD93EA00913706 /* BMSAnalyticsAPI.framework in Frameworks */ = {isa = PBXBuildFile; fileRef = 9261C07B1CBD93EA00913706 /* BMSAnalyticsAPI.framework */; };
		9261C07E1CBD93EA00913706 /* BMSAnalyticsAPI.framework in Frameworks */ = {isa = PBXBuildFile; fileRef = 9261C07B1CBD93EA00913706 /* BMSAnalyticsAPI.framework */; };
		9261C07F1CBD93EA00913706 /* BMSAnalyticsAPI.framework in Frameworks */ = {isa = PBXBuildFile; fileRef = 9261C07B1CBD93EA00913706 /* BMSAnalyticsAPI.framework */; };
		9261C0801CBD93EA00913706 /* BMSCore.framework in Frameworks */ = {isa = PBXBuildFile; fileRef = 9261C07C1CBD93EA00913706 /* BMSCore.framework */; };
		9261C0811CBD93EA00913706 /* BMSCore.framework in Frameworks */ = {isa = PBXBuildFile; fileRef = 9261C07C1CBD93EA00913706 /* BMSCore.framework */; };
		9261C0821CBD93EA00913706 /* BMSCore.framework in Frameworks */ = {isa = PBXBuildFile; fileRef = 9261C07C1CBD93EA00913706 /* BMSCore.framework */; };
		9261C0851CBD93F600913706 /* BMSAnalyticsAPI.framework in Frameworks */ = {isa = PBXBuildFile; fileRef = 9261C0831CBD93F600913706 /* BMSAnalyticsAPI.framework */; };
		9261C0861CBD93F600913706 /* BMSAnalyticsAPI.framework in Frameworks */ = {isa = PBXBuildFile; fileRef = 9261C0831CBD93F600913706 /* BMSAnalyticsAPI.framework */; };
		9261C0871CBD93F600913706 /* BMSCore.framework in Frameworks */ = {isa = PBXBuildFile; fileRef = 9261C0841CBD93F600913706 /* BMSCore.framework */; };
		9261C0881CBD93F600913706 /* BMSCore.framework in Frameworks */ = {isa = PBXBuildFile; fileRef = 9261C0841CBD93F600913706 /* BMSCore.framework */; };
		926CF8191C4ECC330084355B /* BMSAnalytics.framework in Frameworks */ = {isa = PBXBuildFile; fileRef = 926CF80E1C4ECC330084355B /* BMSAnalytics.framework */; };
		926CF85A1C4ECDF80084355B /* TestApp watchOS Extension.appex in Embed App Extensions */ = {isa = PBXBuildFile; fileRef = 926CF8591C4ECDF80084355B /* TestApp watchOS Extension.appex */; settings = {ATTRIBUTES = (RemoveHeadersOnCopy, ); }; };
		926CF8671C4ECDF80084355B /* TestApp watchOS.app in Embed Watch Content */ = {isa = PBXBuildFile; fileRef = 926CF84D1C4ECDF80084355B /* TestApp watchOS.app */; };
		9276B4661C6A621F00E61F45 /* Constants.swift in Sources */ = {isa = PBXBuildFile; fileRef = 9276B4651C6A621F00E61F45 /* Constants.swift */; };
		9276B4671C6A621F00E61F45 /* Constants.swift in Sources */ = {isa = PBXBuildFile; fileRef = 9276B4651C6A621F00E61F45 /* Constants.swift */; };
		929E62381C504712001E8880 /* Error.swift in Sources */ = {isa = PBXBuildFile; fileRef = 9221C0DB1C4EE159007FA9D0 /* Error.swift */; };
		929E62391C504715001E8880 /* BMSAnalytics.swift in Sources */ = {isa = PBXBuildFile; fileRef = 9221C0431C4ED9AF007FA9D0 /* BMSAnalytics.swift */; };
		929E623A1C504717001E8880 /* BMSAnalytics+watchOS.swift in Sources */ = {isa = PBXBuildFile; fileRef = 9221C0451C4ED9AF007FA9D0 /* BMSAnalytics+watchOS.swift */; };
		929E623B1C50471C001E8880 /* BMSLogger.swift in Sources */ = {isa = PBXBuildFile; fileRef = 9221C04C1C4ED9BC007FA9D0 /* BMSLogger.swift */; };
/* End PBXBuildFile section */

/* Begin PBXContainerItemProxy section */
		924E0ABB1CB5A1E200C2FEE2 /* PBXContainerItemProxy */ = {
			isa = PBXContainerItemProxy;
			containerPortal = 9276B4C91C6D1D9E00E61F45 /* Pods.xcodeproj */;
			proxyType = 2;
			remoteGlobalIDString = 399228568A0C20AE842CBB083A04BD6E;
			remoteInfo = "BMSAnalyticsAPI-iOS";
		};
		924E0ABD1CB5A1E200C2FEE2 /* PBXContainerItemProxy */ = {
			isa = PBXContainerItemProxy;
			containerPortal = 9276B4C91C6D1D9E00E61F45 /* Pods.xcodeproj */;
			proxyType = 2;
			remoteGlobalIDString = D9A71C4FF8C66531E5E8F5696C1F8326;
			remoteInfo = "BMSAnalyticsAPI-watchOS";
		};
		9251D60F1CB2D005007E80B4 /* PBXContainerItemProxy */ = {
			isa = PBXContainerItemProxy;
			containerPortal = 9276B4C91C6D1D9E00E61F45 /* Pods.xcodeproj */;
			proxyType = 2;
			remoteGlobalIDString = 25B32D7BCCF3AB6500FB01B7C40D2651;
			remoteInfo = "BMSCore-iOS";
		};
		9251D6111CB2D005007E80B4 /* PBXContainerItemProxy */ = {
			isa = PBXContainerItemProxy;
			containerPortal = 9276B4C91C6D1D9E00E61F45 /* Pods.xcodeproj */;
			proxyType = 2;
			remoteGlobalIDString = A97FBE41D3F5222FAA1AC5F07049B7EE;
			remoteInfo = "BMSCore-watchOS";
		};
		926CF81A1C4ECC330084355B /* PBXContainerItemProxy */ = {
			isa = PBXContainerItemProxy;
			containerPortal = 926CF8051C4ECC330084355B /* Project object */;
			proxyType = 1;
			remoteGlobalIDString = 926CF80D1C4ECC330084355B;
			remoteInfo = BMSAnalytics;
		};
		926CF85B1C4ECDF80084355B /* PBXContainerItemProxy */ = {
			isa = PBXContainerItemProxy;
			containerPortal = 926CF8051C4ECC330084355B /* Project object */;
			proxyType = 1;
			remoteGlobalIDString = 926CF8581C4ECDF80084355B;
			remoteInfo = "TestAppWatchOS Extension";
		};
		926CF8651C4ECDF80084355B /* PBXContainerItemProxy */ = {
			isa = PBXContainerItemProxy;
			containerPortal = 926CF8051C4ECC330084355B /* Project object */;
			proxyType = 1;
			remoteGlobalIDString = 926CF84C1C4ECDF80084355B;
			remoteInfo = TestAppWatchOS;
		};
		9276B5161C6D445A00E61F45 /* PBXContainerItemProxy */ = {
			isa = PBXContainerItemProxy;
			containerPortal = 926CF8051C4ECC330084355B /* Project object */;
			proxyType = 1;
			remoteGlobalIDString = 926CF80D1C4ECC330084355B;
			remoteInfo = BMSAnalytics;
		};
		9276B52F1C6D5B4C00E61F45 /* PBXContainerItemProxy */ = {
			isa = PBXContainerItemProxy;
			containerPortal = 926CF8051C4ECC330084355B /* Project object */;
			proxyType = 1;
			remoteGlobalIDString = 926CF82C1C4ECD930084355B;
			remoteInfo = BMSAnalyticsWatchOS;
		};
		92E7AAC91CB700E500FEC069 /* PBXContainerItemProxy */ = {
			isa = PBXContainerItemProxy;
			containerPortal = 9276B4C91C6D1D9E00E61F45 /* Pods.xcodeproj */;
			proxyType = 2;
			remoteGlobalIDString = 451C0804DA32CE6D50339539C8053209;
			remoteInfo = "Pods-BMSAnalytics iOS";
		};
		92E7AACB1CB700E500FEC069 /* PBXContainerItemProxy */ = {
			isa = PBXContainerItemProxy;
			containerPortal = 9276B4C91C6D1D9E00E61F45 /* Pods.xcodeproj */;
			proxyType = 2;
			remoteGlobalIDString = 5BE94FADF5FE0BF244FCAAA57347192D;
			remoteInfo = "Pods-BMSAnalytics Tests";
		};
		92E7AACD1CB700E500FEC069 /* PBXContainerItemProxy */ = {
			isa = PBXContainerItemProxy;
			containerPortal = 9276B4C91C6D1D9E00E61F45 /* Pods.xcodeproj */;
			proxyType = 2;
			remoteGlobalIDString = 35926E2A4A5EAD3BCDF338110A2157C6;
			remoteInfo = "Pods-BMSAnalytics watchOS";
		};
		92E7AACF1CB700E500FEC069 /* PBXContainerItemProxy */ = {
			isa = PBXContainerItemProxy;
			containerPortal = 9276B4C91C6D1D9E00E61F45 /* Pods.xcodeproj */;
			proxyType = 2;
			remoteGlobalIDString = A06BF4A103E7B43AFDCD2A196519F015;
			remoteInfo = "Pods-TestApp iOS";
		};
		92E7AAD11CB700E500FEC069 /* PBXContainerItemProxy */ = {
			isa = PBXContainerItemProxy;
			containerPortal = 9276B4C91C6D1D9E00E61F45 /* Pods.xcodeproj */;
			proxyType = 2;
			remoteGlobalIDString = 05081A8D4A913CD7023CB6753317C0D1;
			remoteInfo = "Pods-TestApp watchOS";
		};
		92E7AAD31CB700E500FEC069 /* PBXContainerItemProxy */ = {
			isa = PBXContainerItemProxy;
			containerPortal = 9276B4C91C6D1D9E00E61F45 /* Pods.xcodeproj */;
			proxyType = 2;
			remoteGlobalIDString = 13558E710417FA60A7569B23B18D98DF;
			remoteInfo = "Pods-TestApp watchOS Extension";
		};
/* End PBXContainerItemProxy section */

/* Begin PBXCopyFilesBuildPhase section */
		926CF86B1C4ECDF80084355B /* Embed App Extensions */ = {
			isa = PBXCopyFilesBuildPhase;
			buildActionMask = 2147483647;
			dstPath = "";
			dstSubfolderSpec = 13;
			files = (
				926CF85A1C4ECDF80084355B /* TestApp watchOS Extension.appex in Embed App Extensions */,
			);
			name = "Embed App Extensions";
			runOnlyForDeploymentPostprocessing = 0;
		};
		926CF86F1C4ECDF80084355B /* Embed Watch Content */ = {
			isa = PBXCopyFilesBuildPhase;
			buildActionMask = 2147483647;
			dstPath = "$(CONTENTS_FOLDER_PATH)/Watch";
			dstSubfolderSpec = 16;
			files = (
				926CF8671C4ECDF80084355B /* TestApp watchOS.app in Embed Watch Content */,
			);
			name = "Embed Watch Content";
			runOnlyForDeploymentPostprocessing = 0;
		};
/* End PBXCopyFilesBuildPhase section */

/* Begin PBXFileReference section */
		9221C0091C4ED26F007FA9D0 /* BMSAnalytics.h */ = {isa = PBXFileReference; lastKnownFileType = sourcecode.c.h; path = BMSAnalytics.h; sourceTree = "<group>"; };
		9221C00B1C4ED26F007FA9D0 /* Info_iOS.plist */ = {isa = PBXFileReference; lastKnownFileType = text.plist.xml; path = Info_iOS.plist; sourceTree = "<group>"; };
		9221C00C1C4ED26F007FA9D0 /* Info_watchOS.plist */ = {isa = PBXFileReference; lastKnownFileType = text.plist.xml; path = Info_watchOS.plist; sourceTree = "<group>"; };
		9221C0281C4ED26F007FA9D0 /* Info.plist */ = {isa = PBXFileReference; lastKnownFileType = text.plist.xml; path = Info.plist; sourceTree = "<group>"; };
		9221C0431C4ED9AF007FA9D0 /* BMSAnalytics.swift */ = {isa = PBXFileReference; fileEncoding = 4; lastKnownFileType = sourcecode.swift; path = BMSAnalytics.swift; sourceTree = "<group>"; };
		9221C0441C4ED9AF007FA9D0 /* BMSAnalytics+iOS.swift */ = {isa = PBXFileReference; fileEncoding = 4; lastKnownFileType = sourcecode.swift; path = "BMSAnalytics+iOS.swift"; sourceTree = "<group>"; };
		9221C0451C4ED9AF007FA9D0 /* BMSAnalytics+watchOS.swift */ = {isa = PBXFileReference; fileEncoding = 4; lastKnownFileType = sourcecode.swift; path = "BMSAnalytics+watchOS.swift"; sourceTree = "<group>"; };
		9221C04C1C4ED9BC007FA9D0 /* BMSLogger.swift */ = {isa = PBXFileReference; fileEncoding = 4; lastKnownFileType = sourcecode.swift; path = BMSLogger.swift; sourceTree = "<group>"; };
		9221C04F1C4ED9CF007FA9D0 /* BMSLoggerTests.swift */ = {isa = PBXFileReference; fileEncoding = 4; lastKnownFileType = sourcecode.swift; path = BMSLoggerTests.swift; sourceTree = "<group>"; };
		9221C0511C4EDA9C007FA9D0 /* BMSAnalyticsTests.swift */ = {isa = PBXFileReference; fileEncoding = 4; lastKnownFileType = sourcecode.swift; path = BMSAnalyticsTests.swift; sourceTree = "<group>"; };
		9221C0531C4EDACC007FA9D0 /* LargeData.txt */ = {isa = PBXFileReference; fileEncoding = 4; lastKnownFileType = text; path = LargeData.txt; sourceTree = "<group>"; };
		9221C0DB1C4EE159007FA9D0 /* Error.swift */ = {isa = PBXFileReference; fileEncoding = 4; lastKnownFileType = sourcecode.swift; path = Error.swift; sourceTree = "<group>"; };
		924E0AC01CB5ABFC00C2FEE2 /* ExtensionDelegate.swift */ = {isa = PBXFileReference; fileEncoding = 4; lastKnownFileType = sourcecode.swift; path = ExtensionDelegate.swift; sourceTree = "<group>"; };
		924E0AC11CB5ABFC00C2FEE2 /* InterfaceController.swift */ = {isa = PBXFileReference; fileEncoding = 4; lastKnownFileType = sourcecode.swift; path = InterfaceController.swift; sourceTree = "<group>"; };
		924E0AC31CB5ABFC00C2FEE2 /* Assets.xcassets */ = {isa = PBXFileReference; lastKnownFileType = folder.assetcatalog; path = Assets.xcassets; sourceTree = "<group>"; };
		924E0AC41CB5ABFC00C2FEE2 /* Info.plist */ = {isa = PBXFileReference; fileEncoding = 4; lastKnownFileType = text.plist.xml; path = Info.plist; sourceTree = "<group>"; };
		924E0ACB1CB5AC0400C2FEE2 /* Base */ = {isa = PBXFileReference; lastKnownFileType = file.storyboard; name = Base; path = Base.lproj/Interface.storyboard; sourceTree = "<group>"; };
		924E0ACD1CB5AC0400C2FEE2 /* Assets.xcassets */ = {isa = PBXFileReference; lastKnownFileType = folder.assetcatalog; path = Assets.xcassets; sourceTree = "<group>"; };
		924E0ACE1CB5AC0400C2FEE2 /* Info.plist */ = {isa = PBXFileReference; fileEncoding = 4; lastKnownFileType = text.plist.xml; path = Info.plist; sourceTree = "<group>"; };
		924E0AD31CB5AC0F00C2FEE2 /* AppDelegate.swift */ = {isa = PBXFileReference; fileEncoding = 4; lastKnownFileType = sourcecode.swift; path = AppDelegate.swift; sourceTree = "<group>"; };
		924E0AD51CB5AC0F00C2FEE2 /* Base */ = {isa = PBXFileReference; lastKnownFileType = file.storyboard; name = Base; path = Base.lproj/LaunchScreen.storyboard; sourceTree = "<group>"; };
		924E0AD71CB5AC0F00C2FEE2 /* Base */ = {isa = PBXFileReference; lastKnownFileType = file.storyboard; name = Base; path = Base.lproj/Main.storyboard; sourceTree = "<group>"; };
		924E0AD81CB5AC0F00C2FEE2 /* LogDisplayViewController.swift */ = {isa = PBXFileReference; fileEncoding = 4; lastKnownFileType = sourcecode.swift; path = LogDisplayViewController.swift; sourceTree = "<group>"; };
		924E0AD91CB5AC0F00C2FEE2 /* LoggerViewController.swift */ = {isa = PBXFileReference; fileEncoding = 4; lastKnownFileType = sourcecode.swift; path = LoggerViewController.swift; sourceTree = "<group>"; };
		924E0ADB1CB5AC0F00C2FEE2 /* Assets.xcassets */ = {isa = PBXFileReference; lastKnownFileType = folder.assetcatalog; path = Assets.xcassets; sourceTree = "<group>"; };
		924E0ADC1CB5AC0F00C2FEE2 /* Info.plist */ = {isa = PBXFileReference; fileEncoding = 4; lastKnownFileType = text.plist.xml; path = Info.plist; sourceTree = "<group>"; };
		9261C07B1CBD93EA00913706 /* BMSAnalyticsAPI.framework */ = {isa = PBXFileReference; lastKnownFileType = wrapper.framework; name = BMSAnalyticsAPI.framework; path = Carthage/Build/iOS/BMSAnalyticsAPI.framework; sourceTree = "<group>"; };
		9261C07C1CBD93EA00913706 /* BMSCore.framework */ = {isa = PBXFileReference; lastKnownFileType = wrapper.framework; name = BMSCore.framework; path = Carthage/Build/iOS/BMSCore.framework; sourceTree = "<group>"; };
		9261C0831CBD93F600913706 /* BMSAnalyticsAPI.framework */ = {isa = PBXFileReference; lastKnownFileType = wrapper.framework; name = BMSAnalyticsAPI.framework; path = Carthage/Build/watchOS/BMSAnalyticsAPI.framework; sourceTree = "<group>"; };
		9261C0841CBD93F600913706 /* BMSCore.framework */ = {isa = PBXFileReference; lastKnownFileType = wrapper.framework; name = BMSCore.framework; path = Carthage/Build/watchOS/BMSCore.framework; sourceTree = "<group>"; };
		926CF80E1C4ECC330084355B /* BMSAnalytics.framework */ = {isa = PBXFileReference; explicitFileType = wrapper.framework; includeInIndex = 0; path = BMSAnalytics.framework; sourceTree = BUILT_PRODUCTS_DIR; };
		926CF8181C4ECC330084355B /* BMSAnalytics Tests.xctest */ = {isa = PBXFileReference; explicitFileType = wrapper.cfbundle; includeInIndex = 0; path = "BMSAnalytics Tests.xctest"; sourceTree = BUILT_PRODUCTS_DIR; };
		926CF82D1C4ECD930084355B /* BMSAnalytics.framework */ = {isa = PBXFileReference; explicitFileType = wrapper.framework; includeInIndex = 0; path = BMSAnalytics.framework; sourceTree = BUILT_PRODUCTS_DIR; };
		926CF8391C4ECDBD0084355B /* TestApp iOS.app */ = {isa = PBXFileReference; explicitFileType = wrapper.application; includeInIndex = 0; path = "TestApp iOS.app"; sourceTree = BUILT_PRODUCTS_DIR; };
		926CF84D1C4ECDF80084355B /* TestApp watchOS.app */ = {isa = PBXFileReference; explicitFileType = wrapper.application; includeInIndex = 0; path = "TestApp watchOS.app"; sourceTree = BUILT_PRODUCTS_DIR; };
		926CF8591C4ECDF80084355B /* TestApp watchOS Extension.appex */ = {isa = PBXFileReference; explicitFileType = "wrapper.app-extension"; includeInIndex = 0; path = "TestApp watchOS Extension.appex"; sourceTree = BUILT_PRODUCTS_DIR; };
		9276B4651C6A621F00E61F45 /* Constants.swift */ = {isa = PBXFileReference; fileEncoding = 4; lastKnownFileType = sourcecode.swift; path = Constants.swift; sourceTree = "<group>"; };
		9276B4B61C6D1D9E00E61F45 /* LICENSE */ = {isa = PBXFileReference; lastKnownFileType = text; path = LICENSE; sourceTree = "<group>"; };
		9276B4B71C6D1D9E00E61F45 /* README.md */ = {isa = PBXFileReference; lastKnownFileType = net.daringfireball.markdown; path = README.md; sourceTree = "<group>"; };
		9276B4B91C6D1D9E00E61F45 /* Error.swift */ = {isa = PBXFileReference; lastKnownFileType = sourcecode.swift; path = Error.swift; sourceTree = "<group>"; };
		9276B4BB1C6D1D9E00E61F45 /* MFPLogger.swift */ = {isa = PBXFileReference; lastKnownFileType = sourcecode.swift; path = MFPLogger.swift; sourceTree = "<group>"; };
		9276B4BD1C6D1D9E00E61F45 /* BMSClient.swift */ = {isa = PBXFileReference; lastKnownFileType = sourcecode.swift; path = BMSClient.swift; sourceTree = "<group>"; };
		9276B4BE1C6D1D9E00E61F45 /* MFPClient.swift */ = {isa = PBXFileReference; lastKnownFileType = sourcecode.swift; path = MFPClient.swift; sourceTree = "<group>"; };
		9276B4BF1C6D1D9E00E61F45 /* MFPRequest.swift */ = {isa = PBXFileReference; lastKnownFileType = sourcecode.swift; path = MFPRequest.swift; sourceTree = "<group>"; };
		9276B4C01C6D1D9E00E61F45 /* Request.swift */ = {isa = PBXFileReference; lastKnownFileType = sourcecode.swift; path = Request.swift; sourceTree = "<group>"; };
		9276B4C11C6D1D9E00E61F45 /* Response.swift */ = {isa = PBXFileReference; lastKnownFileType = sourcecode.swift; path = Response.swift; sourceTree = "<group>"; };
		9276B4C31C6D1D9E00E61F45 /* AuthorizationManager.swift */ = {isa = PBXFileReference; lastKnownFileType = sourcecode.swift; path = AuthorizationManager.swift; sourceTree = "<group>"; };
		9276B4C41C6D1D9E00E61F45 /* DefaultAuthorizationManager.swift */ = {isa = PBXFileReference; lastKnownFileType = sourcecode.swift; path = DefaultAuthorizationManager.swift; sourceTree = "<group>"; };
		9276B4C71C6D1D9E00E61F45 /* BMSCore.podspec.json */ = {isa = PBXFileReference; lastKnownFileType = text.json; path = BMSCore.podspec.json; sourceTree = "<group>"; };
		9276B4C81C6D1D9E00E61F45 /* Manifest.lock */ = {isa = PBXFileReference; lastKnownFileType = text; path = Manifest.lock; sourceTree = "<group>"; };
		9276B4C91C6D1D9E00E61F45 /* Pods.xcodeproj */ = {isa = PBXFileReference; lastKnownFileType = "wrapper.pb-project"; path = Pods.xcodeproj; sourceTree = "<group>"; };
		9276B4CE1C6D1D9E00E61F45 /* Info.plist */ = {isa = PBXFileReference; lastKnownFileType = text.plist.xml; path = Info.plist; sourceTree = "<group>"; };
		9276B4CF1C6D1D9E00E61F45 /* Pods-BMSAnalytics-acknowledgements.markdown */ = {isa = PBXFileReference; lastKnownFileType = net.daringfireball.markdown; path = "Pods-BMSAnalytics-acknowledgements.markdown"; sourceTree = "<group>"; };
		9276B4D01C6D1D9E00E61F45 /* Pods-BMSAnalytics-acknowledgements.plist */ = {isa = PBXFileReference; lastKnownFileType = text.plist.xml; path = "Pods-BMSAnalytics-acknowledgements.plist"; sourceTree = "<group>"; };
		9276B4D11C6D1D9E00E61F45 /* Pods-BMSAnalytics-dummy.m */ = {isa = PBXFileReference; lastKnownFileType = sourcecode.c.objc; path = "Pods-BMSAnalytics-dummy.m"; sourceTree = "<group>"; };
		9276B4D21C6D1D9E00E61F45 /* Pods-BMSAnalytics-frameworks.sh */ = {isa = PBXFileReference; lastKnownFileType = text.script.sh; path = "Pods-BMSAnalytics-frameworks.sh"; sourceTree = "<group>"; };
		9276B4D31C6D1D9E00E61F45 /* Pods-BMSAnalytics-resources.sh */ = {isa = PBXFileReference; lastKnownFileType = text.script.sh; path = "Pods-BMSAnalytics-resources.sh"; sourceTree = "<group>"; };
		9276B4D41C6D1D9E00E61F45 /* Pods-BMSAnalytics-umbrella.h */ = {isa = PBXFileReference; lastKnownFileType = sourcecode.c.h; path = "Pods-BMSAnalytics-umbrella.h"; sourceTree = "<group>"; };
		9276B4D51C6D1D9E00E61F45 /* Pods-BMSAnalytics.debug.xcconfig */ = {isa = PBXFileReference; lastKnownFileType = text.xcconfig; path = "Pods-BMSAnalytics.debug.xcconfig"; sourceTree = "<group>"; };
		9276B4D61C6D1D9E00E61F45 /* Pods-BMSAnalytics.modulemap */ = {isa = PBXFileReference; lastKnownFileType = "sourcecode.module-map"; path = "Pods-BMSAnalytics.modulemap"; sourceTree = "<group>"; };
		9276B4D71C6D1D9E00E61F45 /* Pods-BMSAnalytics.release.xcconfig */ = {isa = PBXFileReference; lastKnownFileType = text.xcconfig; path = "Pods-BMSAnalytics.release.xcconfig"; sourceTree = "<group>"; };
		9276B4D91C6D1D9E00E61F45 /* Info.plist */ = {isa = PBXFileReference; lastKnownFileType = text.plist.xml; path = Info.plist; sourceTree = "<group>"; };
		9276B4DA1C6D1D9E00E61F45 /* Pods-BMSAnalytics-BMSCore-dummy.m */ = {isa = PBXFileReference; lastKnownFileType = sourcecode.c.objc; path = "Pods-BMSAnalytics-BMSCore-dummy.m"; sourceTree = "<group>"; };
		9276B4DB1C6D1D9E00E61F45 /* Pods-BMSAnalytics-BMSCore-prefix.pch */ = {isa = PBXFileReference; lastKnownFileType = sourcecode.c.h; path = "Pods-BMSAnalytics-BMSCore-prefix.pch"; sourceTree = "<group>"; };
		9276B4DC1C6D1D9E00E61F45 /* Pods-BMSAnalytics-BMSCore-umbrella.h */ = {isa = PBXFileReference; lastKnownFileType = sourcecode.c.h; path = "Pods-BMSAnalytics-BMSCore-umbrella.h"; sourceTree = "<group>"; };
		9276B4DD1C6D1D9E00E61F45 /* Pods-BMSAnalytics-BMSCore.modulemap */ = {isa = PBXFileReference; lastKnownFileType = "sourcecode.module-map"; path = "Pods-BMSAnalytics-BMSCore.modulemap"; sourceTree = "<group>"; };
		9276B4DE1C6D1D9E00E61F45 /* Pods-BMSAnalytics-BMSCore.xcconfig */ = {isa = PBXFileReference; lastKnownFileType = text.xcconfig; path = "Pods-BMSAnalytics-BMSCore.xcconfig"; sourceTree = "<group>"; };
		9276B4E01C6D1D9E00E61F45 /* Info.plist */ = {isa = PBXFileReference; lastKnownFileType = text.plist.xml; path = Info.plist; sourceTree = "<group>"; };
		9276B4E11C6D1D9E00E61F45 /* Pods-BMSAnalyticsTests-acknowledgements.markdown */ = {isa = PBXFileReference; lastKnownFileType = net.daringfireball.markdown; path = "Pods-BMSAnalyticsTests-acknowledgements.markdown"; sourceTree = "<group>"; };
		9276B4E21C6D1D9E00E61F45 /* Pods-BMSAnalyticsTests-acknowledgements.plist */ = {isa = PBXFileReference; lastKnownFileType = text.plist.xml; path = "Pods-BMSAnalyticsTests-acknowledgements.plist"; sourceTree = "<group>"; };
		9276B4E31C6D1D9E00E61F45 /* Pods-BMSAnalyticsTests-dummy.m */ = {isa = PBXFileReference; lastKnownFileType = sourcecode.c.objc; path = "Pods-BMSAnalyticsTests-dummy.m"; sourceTree = "<group>"; };
		9276B4E41C6D1D9E00E61F45 /* Pods-BMSAnalyticsTests-frameworks.sh */ = {isa = PBXFileReference; lastKnownFileType = text.script.sh; path = "Pods-BMSAnalyticsTests-frameworks.sh"; sourceTree = "<group>"; };
		9276B4E51C6D1D9E00E61F45 /* Pods-BMSAnalyticsTests-resources.sh */ = {isa = PBXFileReference; lastKnownFileType = text.script.sh; path = "Pods-BMSAnalyticsTests-resources.sh"; sourceTree = "<group>"; };
		9276B4E61C6D1D9E00E61F45 /* Pods-BMSAnalyticsTests-umbrella.h */ = {isa = PBXFileReference; lastKnownFileType = sourcecode.c.h; path = "Pods-BMSAnalyticsTests-umbrella.h"; sourceTree = "<group>"; };
		9276B4E71C6D1D9E00E61F45 /* Pods-BMSAnalyticsTests.debug.xcconfig */ = {isa = PBXFileReference; lastKnownFileType = text.xcconfig; path = "Pods-BMSAnalyticsTests.debug.xcconfig"; sourceTree = "<group>"; };
		9276B4E81C6D1D9E00E61F45 /* Pods-BMSAnalyticsTests.modulemap */ = {isa = PBXFileReference; lastKnownFileType = "sourcecode.module-map"; path = "Pods-BMSAnalyticsTests.modulemap"; sourceTree = "<group>"; };
		9276B4E91C6D1D9E00E61F45 /* Pods-BMSAnalyticsTests.release.xcconfig */ = {isa = PBXFileReference; lastKnownFileType = text.xcconfig; path = "Pods-BMSAnalyticsTests.release.xcconfig"; sourceTree = "<group>"; };
		9276B4EB1C6D1D9E00E61F45 /* Info.plist */ = {isa = PBXFileReference; lastKnownFileType = text.plist.xml; path = Info.plist; sourceTree = "<group>"; };
		9276B4EC1C6D1D9E00E61F45 /* Pods-BMSAnalyticsTests-BMSCore-dummy.m */ = {isa = PBXFileReference; lastKnownFileType = sourcecode.c.objc; path = "Pods-BMSAnalyticsTests-BMSCore-dummy.m"; sourceTree = "<group>"; };
		9276B4ED1C6D1D9E00E61F45 /* Pods-BMSAnalyticsTests-BMSCore-prefix.pch */ = {isa = PBXFileReference; lastKnownFileType = sourcecode.c.h; path = "Pods-BMSAnalyticsTests-BMSCore-prefix.pch"; sourceTree = "<group>"; };
		9276B4EE1C6D1D9E00E61F45 /* Pods-BMSAnalyticsTests-BMSCore-umbrella.h */ = {isa = PBXFileReference; lastKnownFileType = sourcecode.c.h; path = "Pods-BMSAnalyticsTests-BMSCore-umbrella.h"; sourceTree = "<group>"; };
		9276B4EF1C6D1D9E00E61F45 /* Pods-BMSAnalyticsTests-BMSCore.modulemap */ = {isa = PBXFileReference; lastKnownFileType = "sourcecode.module-map"; path = "Pods-BMSAnalyticsTests-BMSCore.modulemap"; sourceTree = "<group>"; };
		9276B4F01C6D1D9E00E61F45 /* Pods-BMSAnalyticsTests-BMSCore.xcconfig */ = {isa = PBXFileReference; lastKnownFileType = text.xcconfig; path = "Pods-BMSAnalyticsTests-BMSCore.xcconfig"; sourceTree = "<group>"; };
		9276B4F21C6D1D9E00E61F45 /* Info.plist */ = {isa = PBXFileReference; lastKnownFileType = text.plist.xml; path = Info.plist; sourceTree = "<group>"; };
		9276B4F31C6D1D9E00E61F45 /* Pods-BMSAnalyticsWatchOS-acknowledgements.markdown */ = {isa = PBXFileReference; lastKnownFileType = net.daringfireball.markdown; path = "Pods-BMSAnalyticsWatchOS-acknowledgements.markdown"; sourceTree = "<group>"; };
		9276B4F41C6D1D9E00E61F45 /* Pods-BMSAnalyticsWatchOS-acknowledgements.plist */ = {isa = PBXFileReference; lastKnownFileType = text.plist.xml; path = "Pods-BMSAnalyticsWatchOS-acknowledgements.plist"; sourceTree = "<group>"; };
		9276B4F51C6D1D9E00E61F45 /* Pods-BMSAnalyticsWatchOS-dummy.m */ = {isa = PBXFileReference; lastKnownFileType = sourcecode.c.objc; path = "Pods-BMSAnalyticsWatchOS-dummy.m"; sourceTree = "<group>"; };
		9276B4F61C6D1D9E00E61F45 /* Pods-BMSAnalyticsWatchOS-frameworks.sh */ = {isa = PBXFileReference; lastKnownFileType = text.script.sh; path = "Pods-BMSAnalyticsWatchOS-frameworks.sh"; sourceTree = "<group>"; };
		9276B4F71C6D1D9E00E61F45 /* Pods-BMSAnalyticsWatchOS-resources.sh */ = {isa = PBXFileReference; lastKnownFileType = text.script.sh; path = "Pods-BMSAnalyticsWatchOS-resources.sh"; sourceTree = "<group>"; };
		9276B4F81C6D1D9E00E61F45 /* Pods-BMSAnalyticsWatchOS-umbrella.h */ = {isa = PBXFileReference; lastKnownFileType = sourcecode.c.h; path = "Pods-BMSAnalyticsWatchOS-umbrella.h"; sourceTree = "<group>"; };
		9276B4F91C6D1D9E00E61F45 /* Pods-BMSAnalyticsWatchOS.debug.xcconfig */ = {isa = PBXFileReference; lastKnownFileType = text.xcconfig; path = "Pods-BMSAnalyticsWatchOS.debug.xcconfig"; sourceTree = "<group>"; };
		9276B4FA1C6D1D9E00E61F45 /* Pods-BMSAnalyticsWatchOS.modulemap */ = {isa = PBXFileReference; lastKnownFileType = "sourcecode.module-map"; path = "Pods-BMSAnalyticsWatchOS.modulemap"; sourceTree = "<group>"; };
		9276B4FB1C6D1D9E00E61F45 /* Pods-BMSAnalyticsWatchOS.release.xcconfig */ = {isa = PBXFileReference; lastKnownFileType = text.xcconfig; path = "Pods-BMSAnalyticsWatchOS.release.xcconfig"; sourceTree = "<group>"; };
		9276B4FD1C6D1D9E00E61F45 /* Info.plist */ = {isa = PBXFileReference; lastKnownFileType = text.plist.xml; path = Info.plist; sourceTree = "<group>"; };
		9276B4FE1C6D1D9E00E61F45 /* Pods-BMSAnalyticsWatchOS-BMSCore-dummy.m */ = {isa = PBXFileReference; lastKnownFileType = sourcecode.c.objc; path = "Pods-BMSAnalyticsWatchOS-BMSCore-dummy.m"; sourceTree = "<group>"; };
		9276B4FF1C6D1D9E00E61F45 /* Pods-BMSAnalyticsWatchOS-BMSCore-prefix.pch */ = {isa = PBXFileReference; lastKnownFileType = sourcecode.c.h; path = "Pods-BMSAnalyticsWatchOS-BMSCore-prefix.pch"; sourceTree = "<group>"; };
		9276B5001C6D1D9E00E61F45 /* Pods-BMSAnalyticsWatchOS-BMSCore-umbrella.h */ = {isa = PBXFileReference; lastKnownFileType = sourcecode.c.h; path = "Pods-BMSAnalyticsWatchOS-BMSCore-umbrella.h"; sourceTree = "<group>"; };
		9276B5011C6D1D9E00E61F45 /* Pods-BMSAnalyticsWatchOS-BMSCore.modulemap */ = {isa = PBXFileReference; lastKnownFileType = "sourcecode.module-map"; path = "Pods-BMSAnalyticsWatchOS-BMSCore.modulemap"; sourceTree = "<group>"; };
		9276B5021C6D1D9E00E61F45 /* Pods-BMSAnalyticsWatchOS-BMSCore.xcconfig */ = {isa = PBXFileReference; lastKnownFileType = text.xcconfig; path = "Pods-BMSAnalyticsWatchOS-BMSCore.xcconfig"; sourceTree = "<group>"; };
/* End PBXFileReference section */

/* Begin PBXFrameworksBuildPhase section */
		833DDF70152F41DE5C68C7A8 /* Frameworks */ = {
			isa = PBXFrameworksBuildPhase;
			buildActionMask = 2147483647;
			files = (
			);
			runOnlyForDeploymentPostprocessing = 0;
		};
		926CF80A1C4ECC330084355B /* Frameworks */ = {
			isa = PBXFrameworksBuildPhase;
			buildActionMask = 2147483647;
			files = (
				9261C0801CBD93EA00913706 /* BMSCore.framework in Frameworks */,
				9261C07D1CBD93EA00913706 /* BMSAnalyticsAPI.framework in Frameworks */,
			);
			runOnlyForDeploymentPostprocessing = 0;
		};
		926CF8151C4ECC330084355B /* Frameworks */ = {
			isa = PBXFrameworksBuildPhase;
			buildActionMask = 2147483647;
			files = (
				926CF8191C4ECC330084355B /* BMSAnalytics.framework in Frameworks */,
				9261C07E1CBD93EA00913706 /* BMSAnalyticsAPI.framework in Frameworks */,
				9261C0811CBD93EA00913706 /* BMSCore.framework in Frameworks */,
			);
			runOnlyForDeploymentPostprocessing = 0;
		};
		926CF8291C4ECD930084355B /* Frameworks */ = {
			isa = PBXFrameworksBuildPhase;
			buildActionMask = 2147483647;
			files = (
				9261C0871CBD93F600913706 /* BMSCore.framework in Frameworks */,
				9261C0851CBD93F600913706 /* BMSAnalyticsAPI.framework in Frameworks */,
			);
			runOnlyForDeploymentPostprocessing = 0;
		};
		926CF8361C4ECDBD0084355B /* Frameworks */ = {
			isa = PBXFrameworksBuildPhase;
			buildActionMask = 2147483647;
			files = (
				9261C0821CBD93EA00913706 /* BMSCore.framework in Frameworks */,
				9261C07F1CBD93EA00913706 /* BMSAnalyticsAPI.framework in Frameworks */,
			);
			runOnlyForDeploymentPostprocessing = 0;
		};
		926CF8561C4ECDF80084355B /* Frameworks */ = {
			isa = PBXFrameworksBuildPhase;
			buildActionMask = 2147483647;
			files = (
				9261C0881CBD93F600913706 /* BMSCore.framework in Frameworks */,
				9261C0861CBD93F600913706 /* BMSAnalyticsAPI.framework in Frameworks */,
			);
			runOnlyForDeploymentPostprocessing = 0;
		};
/* End PBXFrameworksBuildPhase section */

/* Begin PBXGroup section */
		09097EECC7A66AF6A33558BC /* Frameworks */ = {
			isa = PBXGroup;
			children = (
				9276B4B41C6D1D9E00E61F45 /* Pods */,
			);
			name = Frameworks;
			sourceTree = "<group>";
		};
		9221C0051C4ED26F007FA9D0 /* Source */ = {
			isa = PBXGroup;
			children = (
				9221C0DB1C4EE159007FA9D0 /* Error.swift */,
				9276B4651C6A621F00E61F45 /* Constants.swift */,
				9221C0061C4ED26F007FA9D0 /* Analytics */,
				9221C0071C4ED26F007FA9D0 /* Logger */,
				9221C0081C4ED26F007FA9D0 /* Resources */,
			);
			path = Source;
			sourceTree = "<group>";
		};
		9221C0061C4ED26F007FA9D0 /* Analytics */ = {
			isa = PBXGroup;
			children = (
				9221C0431C4ED9AF007FA9D0 /* BMSAnalytics.swift */,
				9221C0441C4ED9AF007FA9D0 /* BMSAnalytics+iOS.swift */,
				9221C0451C4ED9AF007FA9D0 /* BMSAnalytics+watchOS.swift */,
			);
			path = Analytics;
			sourceTree = "<group>";
		};
		9221C0071C4ED26F007FA9D0 /* Logger */ = {
			isa = PBXGroup;
			children = (
				9221C04C1C4ED9BC007FA9D0 /* BMSLogger.swift */,
			);
			path = Logger;
			sourceTree = "<group>";
		};
		9221C0081C4ED26F007FA9D0 /* Resources */ = {
			isa = PBXGroup;
			children = (
				9221C0091C4ED26F007FA9D0 /* BMSAnalytics.h */,
				9221C00B1C4ED26F007FA9D0 /* Info_iOS.plist */,
				9221C00C1C4ED26F007FA9D0 /* Info_watchOS.plist */,
			);
			path = Resources;
			sourceTree = "<group>";
		};
		9221C00D1C4ED26F007FA9D0 /* Tests */ = {
			isa = PBXGroup;
			children = (
				9221C0251C4ED26F007FA9D0 /* Unit Tests */,
				9221C00E1C4ED26F007FA9D0 /* Test Apps */,
			);
			path = Tests;
			sourceTree = "<group>";
		};
		9221C00E1C4ED26F007FA9D0 /* Test Apps */ = {
			isa = PBXGroup;
			children = (
				924E0AD21CB5AC0F00C2FEE2 /* TestApp iOS */,
				924E0AC91CB5AC0400C2FEE2 /* TestApp watchOS */,
				924E0ABF1CB5ABFC00C2FEE2 /* TestApp watchOS Extension */,
			);
			path = "Test Apps";
			sourceTree = "<group>";
		};
		9221C0251C4ED26F007FA9D0 /* Unit Tests */ = {
			isa = PBXGroup;
			children = (
				9221C0511C4EDA9C007FA9D0 /* BMSAnalyticsTests.swift */,
				9221C04F1C4ED9CF007FA9D0 /* BMSLoggerTests.swift */,
				9221C0271C4ED26F007FA9D0 /* Resources */,
			);
			path = "Unit Tests";
			sourceTree = "<group>";
		};
		9221C0271C4ED26F007FA9D0 /* Resources */ = {
			isa = PBXGroup;
			children = (
				9221C0531C4EDACC007FA9D0 /* LargeData.txt */,
				9221C0281C4ED26F007FA9D0 /* Info.plist */,
			);
			path = Resources;
			sourceTree = "<group>";
		};
		924E0ABF1CB5ABFC00C2FEE2 /* TestApp watchOS Extension */ = {
			isa = PBXGroup;
			children = (
				924E0AC01CB5ABFC00C2FEE2 /* ExtensionDelegate.swift */,
				924E0AC11CB5ABFC00C2FEE2 /* InterfaceController.swift */,
				924E0AC21CB5ABFC00C2FEE2 /* Resources */,
			);
			path = "TestApp watchOS Extension";
			sourceTree = "<group>";
		};
		924E0AC21CB5ABFC00C2FEE2 /* Resources */ = {
			isa = PBXGroup;
			children = (
				924E0AC31CB5ABFC00C2FEE2 /* Assets.xcassets */,
				924E0AC41CB5ABFC00C2FEE2 /* Info.plist */,
			);
			path = Resources;
			sourceTree = "<group>";
		};
		924E0AC91CB5AC0400C2FEE2 /* TestApp watchOS */ = {
			isa = PBXGroup;
			children = (
				924E0ACA1CB5AC0400C2FEE2 /* Interface.storyboard */,
				924E0ACC1CB5AC0400C2FEE2 /* Resources */,
			);
			path = "TestApp watchOS";
			sourceTree = "<group>";
		};
		924E0ACC1CB5AC0400C2FEE2 /* Resources */ = {
			isa = PBXGroup;
			children = (
				924E0ACD1CB5AC0400C2FEE2 /* Assets.xcassets */,
				924E0ACE1CB5AC0400C2FEE2 /* Info.plist */,
			);
			path = Resources;
			sourceTree = "<group>";
		};
		924E0AD21CB5AC0F00C2FEE2 /* TestApp iOS */ = {
			isa = PBXGroup;
			children = (
				924E0AD31CB5AC0F00C2FEE2 /* AppDelegate.swift */,
				924E0AD41CB5AC0F00C2FEE2 /* LaunchScreen.storyboard */,
				924E0AD61CB5AC0F00C2FEE2 /* Main.storyboard */,
				924E0AD81CB5AC0F00C2FEE2 /* LogDisplayViewController.swift */,
				924E0AD91CB5AC0F00C2FEE2 /* LoggerViewController.swift */,
				924E0ADA1CB5AC0F00C2FEE2 /* Resources */,
			);
			path = "TestApp iOS";
			sourceTree = "<group>";
		};
		924E0ADA1CB5AC0F00C2FEE2 /* Resources */ = {
			isa = PBXGroup;
			children = (
				924E0ADB1CB5AC0F00C2FEE2 /* Assets.xcassets */,
				924E0ADC1CB5AC0F00C2FEE2 /* Info.plist */,
			);
			path = Resources;
			sourceTree = "<group>";
		};
		9261C0761CBD933800913706 /* Dependencies */ = {
			isa = PBXGroup;
			children = (
				9261C0791CBD93D000913706 /* iOS */,
				9261C07A1CBD93D300913706 /* watchOS */,
			);
			name = Dependencies;
			sourceTree = "<group>";
		};
		9261C0791CBD93D000913706 /* iOS */ = {
			isa = PBXGroup;
			children = (
				9261C07B1CBD93EA00913706 /* BMSAnalyticsAPI.framework */,
				9261C07C1CBD93EA00913706 /* BMSCore.framework */,
			);
			name = iOS;
			sourceTree = "<group>";
		};
		9261C07A1CBD93D300913706 /* watchOS */ = {
			isa = PBXGroup;
			children = (
				9261C0831CBD93F600913706 /* BMSAnalyticsAPI.framework */,
				9261C0841CBD93F600913706 /* BMSCore.framework */,
			);
			name = watchOS;
			sourceTree = "<group>";
		};
		926CF8041C4ECC330084355B = {
			isa = PBXGroup;
			children = (
				9221C0051C4ED26F007FA9D0 /* Source */,
				9221C00D1C4ED26F007FA9D0 /* Tests */,
				9261C0761CBD933800913706 /* Dependencies */,
				926CF80F1C4ECC330084355B /* Products */,
				09097EECC7A66AF6A33558BC /* Frameworks */,
			);
			sourceTree = "<group>";
		};
		926CF80F1C4ECC330084355B /* Products */ = {
			isa = PBXGroup;
			children = (
				926CF80E1C4ECC330084355B /* BMSAnalytics.framework */,
				926CF8181C4ECC330084355B /* BMSAnalytics Tests.xctest */,
				926CF82D1C4ECD930084355B /* BMSAnalytics.framework */,
				926CF8391C4ECDBD0084355B /* TestApp iOS.app */,
				926CF84D1C4ECDF80084355B /* TestApp watchOS.app */,
				926CF8591C4ECDF80084355B /* TestApp watchOS Extension.appex */,
			);
			name = Products;
			sourceTree = "<group>";
		};
		9276B4B41C6D1D9E00E61F45 /* Pods */ = {
			isa = PBXGroup;
			children = (
				9276B4B51C6D1D9E00E61F45 /* BMSCore */,
				9276B4C51C6D1D9E00E61F45 /* Headers */,
				9276B4C61C6D1D9E00E61F45 /* Local Podspecs */,
				9276B4C81C6D1D9E00E61F45 /* Manifest.lock */,
				9276B4C91C6D1D9E00E61F45 /* Pods.xcodeproj */,
				9276B4CC1C6D1D9E00E61F45 /* Target Support Files */,
			);
			path = Pods;
			sourceTree = "<group>";
		};
		9276B4B51C6D1D9E00E61F45 /* BMSCore */ = {
			isa = PBXGroup;
			children = (
				9276B4B61C6D1D9E00E61F45 /* LICENSE */,
				9276B4B71C6D1D9E00E61F45 /* README.md */,
				9276B4B81C6D1D9E00E61F45 /* Source */,
			);
			path = BMSCore;
			sourceTree = "<group>";
		};
		9276B4B81C6D1D9E00E61F45 /* Source */ = {
			isa = PBXGroup;
			children = (
				9276B4B91C6D1D9E00E61F45 /* Error.swift */,
				9276B4BA1C6D1D9E00E61F45 /* Logger */,
				9276B4BC1C6D1D9E00E61F45 /* Network Requests */,
				9276B4C21C6D1D9E00E61F45 /* Security */,
			);
			path = Source;
			sourceTree = "<group>";
		};
		9276B4BA1C6D1D9E00E61F45 /* Logger */ = {
			isa = PBXGroup;
			children = (
				9276B4BB1C6D1D9E00E61F45 /* MFPLogger.swift */,
			);
			path = Logger;
			sourceTree = "<group>";
		};
		9276B4BC1C6D1D9E00E61F45 /* Network Requests */ = {
			isa = PBXGroup;
			children = (
				9276B4BD1C6D1D9E00E61F45 /* BMSClient.swift */,
				9276B4BE1C6D1D9E00E61F45 /* MFPClient.swift */,
				9276B4BF1C6D1D9E00E61F45 /* MFPRequest.swift */,
				9276B4C01C6D1D9E00E61F45 /* Request.swift */,
				9276B4C11C6D1D9E00E61F45 /* Response.swift */,
			);
			path = "Network Requests";
			sourceTree = "<group>";
		};
		9276B4C21C6D1D9E00E61F45 /* Security */ = {
			isa = PBXGroup;
			children = (
				9276B4C31C6D1D9E00E61F45 /* AuthorizationManager.swift */,
				9276B4C41C6D1D9E00E61F45 /* DefaultAuthorizationManager.swift */,
			);
			path = Security;
			sourceTree = "<group>";
		};
		9276B4C51C6D1D9E00E61F45 /* Headers */ = {
			isa = PBXGroup;
			children = (
			);
			path = Headers;
			sourceTree = "<group>";
		};
		9276B4C61C6D1D9E00E61F45 /* Local Podspecs */ = {
			isa = PBXGroup;
			children = (
				9276B4C71C6D1D9E00E61F45 /* BMSCore.podspec.json */,
			);
			path = "Local Podspecs";
			sourceTree = "<group>";
		};
		9276B4CA1C6D1D9E00E61F45 /* Products */ = {
			isa = PBXGroup;
			children = (
				924E0ABC1CB5A1E200C2FEE2 /* BMSAnalyticsAPI.framework */,
				924E0ABE1CB5A1E200C2FEE2 /* BMSAnalyticsAPI.framework */,
				9251D6101CB2D005007E80B4 /* BMSCore.framework */,
				9251D6121CB2D005007E80B4 /* BMSCore.framework */,
				92E7AACA1CB700E500FEC069 /* Pods_BMSAnalytics_iOS.framework */,
				92E7AACC1CB700E500FEC069 /* Pods_BMSAnalytics_Tests.framework */,
				92E7AACE1CB700E500FEC069 /* Pods_BMSAnalytics_watchOS.framework */,
				92E7AAD01CB700E500FEC069 /* Pods_TestApp_iOS.framework */,
				92E7AAD21CB700E500FEC069 /* Pods_TestApp_watchOS.framework */,
				92E7AAD41CB700E500FEC069 /* Pods_TestApp_watchOS_Extension.framework */,
			);
			name = Products;
			sourceTree = "<group>";
		};
		9276B4CC1C6D1D9E00E61F45 /* Target Support Files */ = {
			isa = PBXGroup;
			children = (
				9276B4CD1C6D1D9E00E61F45 /* Pods-BMSAnalytics */,
				9276B4D81C6D1D9E00E61F45 /* Pods-BMSAnalytics-BMSCore */,
				9276B4DF1C6D1D9E00E61F45 /* Pods-BMSAnalyticsTests */,
				9276B4EA1C6D1D9E00E61F45 /* Pods-BMSAnalyticsTests-BMSCore */,
				9276B4F11C6D1D9E00E61F45 /* Pods-BMSAnalyticsWatchOS */,
				9276B4FC1C6D1D9E00E61F45 /* Pods-BMSAnalyticsWatchOS-BMSCore */,
			);
			path = "Target Support Files";
			sourceTree = "<group>";
		};
		9276B4CD1C6D1D9E00E61F45 /* Pods-BMSAnalytics */ = {
			isa = PBXGroup;
			children = (
				9276B4CE1C6D1D9E00E61F45 /* Info.plist */,
				9276B4CF1C6D1D9E00E61F45 /* Pods-BMSAnalytics-acknowledgements.markdown */,
				9276B4D01C6D1D9E00E61F45 /* Pods-BMSAnalytics-acknowledgements.plist */,
				9276B4D11C6D1D9E00E61F45 /* Pods-BMSAnalytics-dummy.m */,
				9276B4D21C6D1D9E00E61F45 /* Pods-BMSAnalytics-frameworks.sh */,
				9276B4D31C6D1D9E00E61F45 /* Pods-BMSAnalytics-resources.sh */,
				9276B4D41C6D1D9E00E61F45 /* Pods-BMSAnalytics-umbrella.h */,
				9276B4D51C6D1D9E00E61F45 /* Pods-BMSAnalytics.debug.xcconfig */,
				9276B4D61C6D1D9E00E61F45 /* Pods-BMSAnalytics.modulemap */,
				9276B4D71C6D1D9E00E61F45 /* Pods-BMSAnalytics.release.xcconfig */,
			);
			path = "Pods-BMSAnalytics";
			sourceTree = "<group>";
		};
		9276B4D81C6D1D9E00E61F45 /* Pods-BMSAnalytics-BMSCore */ = {
			isa = PBXGroup;
			children = (
				9276B4D91C6D1D9E00E61F45 /* Info.plist */,
				9276B4DA1C6D1D9E00E61F45 /* Pods-BMSAnalytics-BMSCore-dummy.m */,
				9276B4DB1C6D1D9E00E61F45 /* Pods-BMSAnalytics-BMSCore-prefix.pch */,
				9276B4DC1C6D1D9E00E61F45 /* Pods-BMSAnalytics-BMSCore-umbrella.h */,
				9276B4DD1C6D1D9E00E61F45 /* Pods-BMSAnalytics-BMSCore.modulemap */,
				9276B4DE1C6D1D9E00E61F45 /* Pods-BMSAnalytics-BMSCore.xcconfig */,
			);
			path = "Pods-BMSAnalytics-BMSCore";
			sourceTree = "<group>";
		};
		9276B4DF1C6D1D9E00E61F45 /* Pods-BMSAnalyticsTests */ = {
			isa = PBXGroup;
			children = (
				9276B4E01C6D1D9E00E61F45 /* Info.plist */,
				9276B4E11C6D1D9E00E61F45 /* Pods-BMSAnalyticsTests-acknowledgements.markdown */,
				9276B4E21C6D1D9E00E61F45 /* Pods-BMSAnalyticsTests-acknowledgements.plist */,
				9276B4E31C6D1D9E00E61F45 /* Pods-BMSAnalyticsTests-dummy.m */,
				9276B4E41C6D1D9E00E61F45 /* Pods-BMSAnalyticsTests-frameworks.sh */,
				9276B4E51C6D1D9E00E61F45 /* Pods-BMSAnalyticsTests-resources.sh */,
				9276B4E61C6D1D9E00E61F45 /* Pods-BMSAnalyticsTests-umbrella.h */,
				9276B4E71C6D1D9E00E61F45 /* Pods-BMSAnalyticsTests.debug.xcconfig */,
				9276B4E81C6D1D9E00E61F45 /* Pods-BMSAnalyticsTests.modulemap */,
				9276B4E91C6D1D9E00E61F45 /* Pods-BMSAnalyticsTests.release.xcconfig */,
			);
			path = "Pods-BMSAnalyticsTests";
			sourceTree = "<group>";
		};
		9276B4EA1C6D1D9E00E61F45 /* Pods-BMSAnalyticsTests-BMSCore */ = {
			isa = PBXGroup;
			children = (
				9276B4EB1C6D1D9E00E61F45 /* Info.plist */,
				9276B4EC1C6D1D9E00E61F45 /* Pods-BMSAnalyticsTests-BMSCore-dummy.m */,
				9276B4ED1C6D1D9E00E61F45 /* Pods-BMSAnalyticsTests-BMSCore-prefix.pch */,
				9276B4EE1C6D1D9E00E61F45 /* Pods-BMSAnalyticsTests-BMSCore-umbrella.h */,
				9276B4EF1C6D1D9E00E61F45 /* Pods-BMSAnalyticsTests-BMSCore.modulemap */,
				9276B4F01C6D1D9E00E61F45 /* Pods-BMSAnalyticsTests-BMSCore.xcconfig */,
			);
			path = "Pods-BMSAnalyticsTests-BMSCore";
			sourceTree = "<group>";
		};
		9276B4F11C6D1D9E00E61F45 /* Pods-BMSAnalyticsWatchOS */ = {
			isa = PBXGroup;
			children = (
				9276B4F21C6D1D9E00E61F45 /* Info.plist */,
				9276B4F31C6D1D9E00E61F45 /* Pods-BMSAnalyticsWatchOS-acknowledgements.markdown */,
				9276B4F41C6D1D9E00E61F45 /* Pods-BMSAnalyticsWatchOS-acknowledgements.plist */,
				9276B4F51C6D1D9E00E61F45 /* Pods-BMSAnalyticsWatchOS-dummy.m */,
				9276B4F61C6D1D9E00E61F45 /* Pods-BMSAnalyticsWatchOS-frameworks.sh */,
				9276B4F71C6D1D9E00E61F45 /* Pods-BMSAnalyticsWatchOS-resources.sh */,
				9276B4F81C6D1D9E00E61F45 /* Pods-BMSAnalyticsWatchOS-umbrella.h */,
				9276B4F91C6D1D9E00E61F45 /* Pods-BMSAnalyticsWatchOS.debug.xcconfig */,
				9276B4FA1C6D1D9E00E61F45 /* Pods-BMSAnalyticsWatchOS.modulemap */,
				9276B4FB1C6D1D9E00E61F45 /* Pods-BMSAnalyticsWatchOS.release.xcconfig */,
			);
			path = "Pods-BMSAnalyticsWatchOS";
			sourceTree = "<group>";
		};
		9276B4FC1C6D1D9E00E61F45 /* Pods-BMSAnalyticsWatchOS-BMSCore */ = {
			isa = PBXGroup;
			children = (
				9276B4FD1C6D1D9E00E61F45 /* Info.plist */,
				9276B4FE1C6D1D9E00E61F45 /* Pods-BMSAnalyticsWatchOS-BMSCore-dummy.m */,
				9276B4FF1C6D1D9E00E61F45 /* Pods-BMSAnalyticsWatchOS-BMSCore-prefix.pch */,
				9276B5001C6D1D9E00E61F45 /* Pods-BMSAnalyticsWatchOS-BMSCore-umbrella.h */,
				9276B5011C6D1D9E00E61F45 /* Pods-BMSAnalyticsWatchOS-BMSCore.modulemap */,
				9276B5021C6D1D9E00E61F45 /* Pods-BMSAnalyticsWatchOS-BMSCore.xcconfig */,
			);
			path = "Pods-BMSAnalyticsWatchOS-BMSCore";
			sourceTree = "<group>";
		};
/* End PBXGroup section */

/* Begin PBXHeadersBuildPhase section */
		926CF80B1C4ECC330084355B /* Headers */ = {
			isa = PBXHeadersBuildPhase;
			buildActionMask = 2147483647;
			files = (
				9221C0291C4ED280007FA9D0 /* BMSAnalytics.h in Headers */,
			);
			runOnlyForDeploymentPostprocessing = 0;
		};
		926CF82A1C4ECD930084355B /* Headers */ = {
			isa = PBXHeadersBuildPhase;
			buildActionMask = 2147483647;
			files = (
				924E0AE41CB5ADCC00C2FEE2 /* BMSAnalytics.h in Headers */,
			);
			runOnlyForDeploymentPostprocessing = 0;
		};
/* End PBXHeadersBuildPhase section */

/* Begin PBXNativeTarget section */
		926CF80D1C4ECC330084355B /* BMSAnalytics iOS */ = {
			isa = PBXNativeTarget;
			buildConfigurationList = 926CF8221C4ECC330084355B /* Build configuration list for PBXNativeTarget "BMSAnalytics iOS" */;
			buildPhases = (
				926CF8091C4ECC330084355B /* Sources */,
				926CF80A1C4ECC330084355B /* Frameworks */,
				926CF80B1C4ECC330084355B /* Headers */,
				926CF80C1C4ECC330084355B /* Resources */,
			);
			buildRules = (
			);
			dependencies = (
			);
			name = "BMSAnalytics iOS";
			productName = BMSAnalytics;
			productReference = 926CF80E1C4ECC330084355B /* BMSAnalytics.framework */;
			productType = "com.apple.product-type.framework";
		};
		926CF8171C4ECC330084355B /* BMSAnalytics Tests */ = {
			isa = PBXNativeTarget;
			buildConfigurationList = 926CF8251C4ECC330084355B /* Build configuration list for PBXNativeTarget "BMSAnalytics Tests" */;
			buildPhases = (
				926CF8141C4ECC330084355B /* Sources */,
				926CF8151C4ECC330084355B /* Frameworks */,
				926CF8161C4ECC330084355B /* Resources */,
				9261C0891CBD942000913706 /* ShellScript */,
			);
			buildRules = (
			);
			dependencies = (
				926CF81B1C4ECC330084355B /* PBXTargetDependency */,
			);
			name = "BMSAnalytics Tests";
			productName = BMSAnalyticsTests;
			productReference = 926CF8181C4ECC330084355B /* BMSAnalytics Tests.xctest */;
			productType = "com.apple.product-type.bundle.unit-test";
		};
		926CF82C1C4ECD930084355B /* BMSAnalytics watchOS */ = {
			isa = PBXNativeTarget;
			buildConfigurationList = 926CF8321C4ECD930084355B /* Build configuration list for PBXNativeTarget "BMSAnalytics watchOS" */;
			buildPhases = (
				926CF8281C4ECD930084355B /* Sources */,
				926CF8291C4ECD930084355B /* Frameworks */,
				926CF82A1C4ECD930084355B /* Headers */,
				926CF82B1C4ECD930084355B /* Resources */,
			);
			buildRules = (
			);
			dependencies = (
			);
			name = "BMSAnalytics watchOS";
			productName = BMSAnalyticsWatchOS;
			productReference = 926CF82D1C4ECD930084355B /* BMSAnalytics.framework */;
			productType = "com.apple.product-type.framework";
		};
		926CF8381C4ECDBD0084355B /* TestApp iOS */ = {
			isa = PBXNativeTarget;
			buildConfigurationList = 926CF8481C4ECDBD0084355B /* Build configuration list for PBXNativeTarget "TestApp iOS" */;
			buildPhases = (
				926CF8351C4ECDBD0084355B /* Sources */,
				926CF8361C4ECDBD0084355B /* Frameworks */,
				926CF8371C4ECDBD0084355B /* Resources */,
				926CF86F1C4ECDF80084355B /* Embed Watch Content */,
				9261C08A1CBD944C00913706 /* ShellScript */,
			);
			buildRules = (
			);
			dependencies = (
				9276B5171C6D445A00E61F45 /* PBXTargetDependency */,
				926CF8661C4ECDF80084355B /* PBXTargetDependency */,
			);
			name = "TestApp iOS";
			productName = TestAppiOS;
			productReference = 926CF8391C4ECDBD0084355B /* TestApp iOS.app */;
			productType = "com.apple.product-type.application";
		};
		926CF84C1C4ECDF80084355B /* TestApp watchOS */ = {
			isa = PBXNativeTarget;
			buildConfigurationList = 926CF86C1C4ECDF80084355B /* Build configuration list for PBXNativeTarget "TestApp watchOS" */;
			buildPhases = (
				926CF84B1C4ECDF80084355B /* Resources */,
				926CF86B1C4ECDF80084355B /* Embed App Extensions */,
				833DDF70152F41DE5C68C7A8 /* Frameworks */,
			);
			buildRules = (
			);
			dependencies = (
				926CF85C1C4ECDF80084355B /* PBXTargetDependency */,
			);
			name = "TestApp watchOS";
			productName = TestAppWatchOS;
			productReference = 926CF84D1C4ECDF80084355B /* TestApp watchOS.app */;
			productType = "com.apple.product-type.application.watchapp2";
		};
		926CF8581C4ECDF80084355B /* TestApp watchOS Extension */ = {
			isa = PBXNativeTarget;
			buildConfigurationList = 926CF8681C4ECDF80084355B /* Build configuration list for PBXNativeTarget "TestApp watchOS Extension" */;
			buildPhases = (
				926CF8551C4ECDF80084355B /* Sources */,
				926CF8561C4ECDF80084355B /* Frameworks */,
				926CF8571C4ECDF80084355B /* Resources */,
				9261C08B1CBD945300913706 /* ShellScript */,
			);
			buildRules = (
			);
			dependencies = (
				9276B5301C6D5B4C00E61F45 /* PBXTargetDependency */,
			);
			name = "TestApp watchOS Extension";
			productName = "TestAppWatchOS Extension";
			productReference = 926CF8591C4ECDF80084355B /* TestApp watchOS Extension.appex */;
			productType = "com.apple.product-type.watchkit2-extension";
		};
/* End PBXNativeTarget section */

/* Begin PBXProject section */
		926CF8051C4ECC330084355B /* Project object */ = {
			isa = PBXProject;
			attributes = {
				LastSwiftUpdateCheck = 0720;
				LastUpgradeCheck = 0720;
				ORGANIZATIONNAME = IBM;
				TargetAttributes = {
					926CF80D1C4ECC330084355B = {
						CreatedOnToolsVersion = 7.2;
					};
					926CF8171C4ECC330084355B = {
						CreatedOnToolsVersion = 7.2;
					};
					926CF82C1C4ECD930084355B = {
						CreatedOnToolsVersion = 7.2;
					};
					926CF8381C4ECDBD0084355B = {
						CreatedOnToolsVersion = 7.2;
					};
					926CF84C1C4ECDF80084355B = {
						CreatedOnToolsVersion = 7.2;
					};
					926CF8581C4ECDF80084355B = {
						CreatedOnToolsVersion = 7.2;
					};
				};
			};
			buildConfigurationList = 926CF8081C4ECC330084355B /* Build configuration list for PBXProject "BMSAnalytics" */;
			compatibilityVersion = "Xcode 3.2";
			developmentRegion = English;
			hasScannedForEncodings = 0;
			knownRegions = (
				en,
				Base,
			);
			mainGroup = 926CF8041C4ECC330084355B;
			productRefGroup = 926CF80F1C4ECC330084355B /* Products */;
			projectDirPath = "";
			projectReferences = (
				{
					ProductGroup = 9276B4CA1C6D1D9E00E61F45 /* Products */;
					ProjectRef = 9276B4C91C6D1D9E00E61F45 /* Pods.xcodeproj */;
				},
			);
			projectRoot = "";
			targets = (
				926CF80D1C4ECC330084355B /* BMSAnalytics iOS */,
				926CF82C1C4ECD930084355B /* BMSAnalytics watchOS */,
				926CF8171C4ECC330084355B /* BMSAnalytics Tests */,
				926CF8381C4ECDBD0084355B /* TestApp iOS */,
				926CF84C1C4ECDF80084355B /* TestApp watchOS */,
				926CF8581C4ECDF80084355B /* TestApp watchOS Extension */,
			);
		};
/* End PBXProject section */

/* Begin PBXReferenceProxy section */
		924E0ABC1CB5A1E200C2FEE2 /* BMSAnalyticsAPI.framework */ = {
			isa = PBXReferenceProxy;
			fileType = wrapper.framework;
			path = BMSAnalyticsAPI.framework;
			remoteRef = 924E0ABB1CB5A1E200C2FEE2 /* PBXContainerItemProxy */;
			sourceTree = BUILT_PRODUCTS_DIR;
		};
		924E0ABE1CB5A1E200C2FEE2 /* BMSAnalyticsAPI.framework */ = {
			isa = PBXReferenceProxy;
			fileType = wrapper.framework;
			path = BMSAnalyticsAPI.framework;
			remoteRef = 924E0ABD1CB5A1E200C2FEE2 /* PBXContainerItemProxy */;
			sourceTree = BUILT_PRODUCTS_DIR;
		};
		9251D6101CB2D005007E80B4 /* BMSCore.framework */ = {
			isa = PBXReferenceProxy;
			fileType = wrapper.framework;
			path = BMSCore.framework;
			remoteRef = 9251D60F1CB2D005007E80B4 /* PBXContainerItemProxy */;
			sourceTree = BUILT_PRODUCTS_DIR;
		};
		9251D6121CB2D005007E80B4 /* BMSCore.framework */ = {
			isa = PBXReferenceProxy;
			fileType = wrapper.framework;
			path = BMSCore.framework;
			remoteRef = 9251D6111CB2D005007E80B4 /* PBXContainerItemProxy */;
			sourceTree = BUILT_PRODUCTS_DIR;
		};
		92E7AACA1CB700E500FEC069 /* Pods_BMSAnalytics_iOS.framework */ = {
			isa = PBXReferenceProxy;
			fileType = wrapper.framework;
			path = Pods_BMSAnalytics_iOS.framework;
			remoteRef = 92E7AAC91CB700E500FEC069 /* PBXContainerItemProxy */;
			sourceTree = BUILT_PRODUCTS_DIR;
		};
		92E7AACC1CB700E500FEC069 /* Pods_BMSAnalytics_Tests.framework */ = {
			isa = PBXReferenceProxy;
			fileType = wrapper.framework;
			path = Pods_BMSAnalytics_Tests.framework;
			remoteRef = 92E7AACB1CB700E500FEC069 /* PBXContainerItemProxy */;
			sourceTree = BUILT_PRODUCTS_DIR;
		};
		92E7AACE1CB700E500FEC069 /* Pods_BMSAnalytics_watchOS.framework */ = {
			isa = PBXReferenceProxy;
			fileType = wrapper.framework;
			path = Pods_BMSAnalytics_watchOS.framework;
			remoteRef = 92E7AACD1CB700E500FEC069 /* PBXContainerItemProxy */;
			sourceTree = BUILT_PRODUCTS_DIR;
		};
		92E7AAD01CB700E500FEC069 /* Pods_TestApp_iOS.framework */ = {
			isa = PBXReferenceProxy;
			fileType = wrapper.framework;
			path = Pods_TestApp_iOS.framework;
			remoteRef = 92E7AACF1CB700E500FEC069 /* PBXContainerItemProxy */;
			sourceTree = BUILT_PRODUCTS_DIR;
		};
		92E7AAD21CB700E500FEC069 /* Pods_TestApp_watchOS.framework */ = {
			isa = PBXReferenceProxy;
			fileType = wrapper.framework;
			path = Pods_TestApp_watchOS.framework;
			remoteRef = 92E7AAD11CB700E500FEC069 /* PBXContainerItemProxy */;
			sourceTree = BUILT_PRODUCTS_DIR;
		};
		92E7AAD41CB700E500FEC069 /* Pods_TestApp_watchOS_Extension.framework */ = {
			isa = PBXReferenceProxy;
			fileType = wrapper.framework;
			path = Pods_TestApp_watchOS_Extension.framework;
			remoteRef = 92E7AAD31CB700E500FEC069 /* PBXContainerItemProxy */;
			sourceTree = BUILT_PRODUCTS_DIR;
		};
/* End PBXReferenceProxy section */

/* Begin PBXResourcesBuildPhase section */
		926CF80C1C4ECC330084355B /* Resources */ = {
			isa = PBXResourcesBuildPhase;
			buildActionMask = 2147483647;
			files = (
			);
			runOnlyForDeploymentPostprocessing = 0;
		};
		926CF8161C4ECC330084355B /* Resources */ = {
			isa = PBXResourcesBuildPhase;
			buildActionMask = 2147483647;
			files = (
				9221C0541C4EDACC007FA9D0 /* LargeData.txt in Resources */,
			);
			runOnlyForDeploymentPostprocessing = 0;
		};
		926CF82B1C4ECD930084355B /* Resources */ = {
			isa = PBXResourcesBuildPhase;
			buildActionMask = 2147483647;
			files = (
			);
			runOnlyForDeploymentPostprocessing = 0;
		};
		926CF8371C4ECDBD0084355B /* Resources */ = {
			isa = PBXResourcesBuildPhase;
			buildActionMask = 2147483647;
			files = (
				924E0ADE1CB5AC0F00C2FEE2 /* LaunchScreen.storyboard in Resources */,
				924E0AE21CB5AC0F00C2FEE2 /* Assets.xcassets in Resources */,
				924E0ADF1CB5AC0F00C2FEE2 /* Main.storyboard in Resources */,
			);
			runOnlyForDeploymentPostprocessing = 0;
		};
		926CF84B1C4ECDF80084355B /* Resources */ = {
			isa = PBXResourcesBuildPhase;
			buildActionMask = 2147483647;
			files = (
				924E0AD01CB5AC0400C2FEE2 /* Assets.xcassets in Resources */,
				924E0ACF1CB5AC0400C2FEE2 /* Interface.storyboard in Resources */,
			);
			runOnlyForDeploymentPostprocessing = 0;
		};
		926CF8571C4ECDF80084355B /* Resources */ = {
			isa = PBXResourcesBuildPhase;
			buildActionMask = 2147483647;
			files = (
				924E0AC71CB5ABFC00C2FEE2 /* Assets.xcassets in Resources */,
			);
			runOnlyForDeploymentPostprocessing = 0;
		};
/* End PBXResourcesBuildPhase section */

/* Begin PBXShellScriptBuildPhase section */
		9261C0891CBD942000913706 /* ShellScript */ = {
			isa = PBXShellScriptBuildPhase;
			buildActionMask = 2147483647;
			files = (
			);
			inputPaths = (
				"$(SRCROOT)/Carthage/Build/iOS/BMSCore.framework",
				"$(SRCROOT)/Carthage/Build/iOS/BMSAnalyticsAPI.framework",
			);
			outputPaths = (
			);
			runOnlyForDeploymentPostprocessing = 0;
			shellPath = /bin/sh;
			shellScript = "/usr/local/bin/carthage copy-frameworks";
			showEnvVarsInLog = 0;
		};
		9261C08A1CBD944C00913706 /* ShellScript */ = {
			isa = PBXShellScriptBuildPhase;
			buildActionMask = 2147483647;
			files = (
			);
			inputPaths = (
				"$(SRCROOT)/Carthage/Build/iOS/BMSCore.framework",
				"$(SRCROOT)/Carthage/Build/iOS/BMSAnalyticsAPI.framework",
			);
			outputPaths = (
			);
			runOnlyForDeploymentPostprocessing = 0;
			shellPath = /bin/sh;
			shellScript = "/usr/local/bin/carthage copy-frameworks";
		};
		9261C08B1CBD945300913706 /* ShellScript */ = {
			isa = PBXShellScriptBuildPhase;
			buildActionMask = 2147483647;
			files = (
			);
			inputPaths = (
				"$(SRCROOT)/Carthage/Build/watchOS/BMSCore.framework",
				"$(SRCROOT)/Carthage/Build/watchOS/BMSAnalyticsAPI.framework",
			);
			outputPaths = (
			);
			runOnlyForDeploymentPostprocessing = 0;
			shellPath = /bin/sh;
			shellScript = "/usr/local/bin/carthage copy-frameworks";
		};
/* End PBXShellScriptBuildPhase section */

/* Begin PBXSourcesBuildPhase section */
		926CF8091C4ECC330084355B /* Sources */ = {
			isa = PBXSourcesBuildPhase;
			buildActionMask = 2147483647;
			files = (
				9221C0DC1C4EE159007FA9D0 /* Error.swift in Sources */,
				9221C0481C4ED9AF007FA9D0 /* BMSAnalytics+iOS.swift in Sources */,
				9276B4661C6A621F00E61F45 /* Constants.swift in Sources */,
				9221C04D1C4ED9BC007FA9D0 /* BMSLogger.swift in Sources */,
				9221C0461C4ED9AF007FA9D0 /* BMSAnalytics.swift in Sources */,
			);
			runOnlyForDeploymentPostprocessing = 0;
		};
		926CF8141C4ECC330084355B /* Sources */ = {
			isa = PBXSourcesBuildPhase;
			buildActionMask = 2147483647;
			files = (
				9221C0521C4EDA9C007FA9D0 /* BMSAnalyticsTests.swift in Sources */,
				9221C0501C4ED9CF007FA9D0 /* BMSLoggerTests.swift in Sources */,
			);
			runOnlyForDeploymentPostprocessing = 0;
		};
		926CF8281C4ECD930084355B /* Sources */ = {
			isa = PBXSourcesBuildPhase;
			buildActionMask = 2147483647;
			files = (
				929E623B1C50471C001E8880 /* BMSLogger.swift in Sources */,
				929E623A1C504717001E8880 /* BMSAnalytics+watchOS.swift in Sources */,
				9276B4671C6A621F00E61F45 /* Constants.swift in Sources */,
				929E62391C504715001E8880 /* BMSAnalytics.swift in Sources */,
				929E62381C504712001E8880 /* Error.swift in Sources */,
			);
			runOnlyForDeploymentPostprocessing = 0;
		};
		926CF8351C4ECDBD0084355B /* Sources */ = {
			isa = PBXSourcesBuildPhase;
			buildActionMask = 2147483647;
			files = (
				924E0AE01CB5AC0F00C2FEE2 /* LogDisplayViewController.swift in Sources */,
				924E0AE11CB5AC0F00C2FEE2 /* LoggerViewController.swift in Sources */,
				924E0ADD1CB5AC0F00C2FEE2 /* AppDelegate.swift in Sources */,
			);
			runOnlyForDeploymentPostprocessing = 0;
		};
		926CF8551C4ECDF80084355B /* Sources */ = {
			isa = PBXSourcesBuildPhase;
			buildActionMask = 2147483647;
			files = (
				924E0AC51CB5ABFC00C2FEE2 /* ExtensionDelegate.swift in Sources */,
				924E0AC61CB5ABFC00C2FEE2 /* InterfaceController.swift in Sources */,
			);
			runOnlyForDeploymentPostprocessing = 0;
		};
/* End PBXSourcesBuildPhase section */

/* Begin PBXTargetDependency section */
		926CF81B1C4ECC330084355B /* PBXTargetDependency */ = {
			isa = PBXTargetDependency;
			target = 926CF80D1C4ECC330084355B /* BMSAnalytics iOS */;
			targetProxy = 926CF81A1C4ECC330084355B /* PBXContainerItemProxy */;
		};
		926CF85C1C4ECDF80084355B /* PBXTargetDependency */ = {
			isa = PBXTargetDependency;
			target = 926CF8581C4ECDF80084355B /* TestApp watchOS Extension */;
			targetProxy = 926CF85B1C4ECDF80084355B /* PBXContainerItemProxy */;
		};
		926CF8661C4ECDF80084355B /* PBXTargetDependency */ = {
			isa = PBXTargetDependency;
			target = 926CF84C1C4ECDF80084355B /* TestApp watchOS */;
			targetProxy = 926CF8651C4ECDF80084355B /* PBXContainerItemProxy */;
		};
		9276B5171C6D445A00E61F45 /* PBXTargetDependency */ = {
			isa = PBXTargetDependency;
			target = 926CF80D1C4ECC330084355B /* BMSAnalytics iOS */;
			targetProxy = 9276B5161C6D445A00E61F45 /* PBXContainerItemProxy */;
		};
		9276B5301C6D5B4C00E61F45 /* PBXTargetDependency */ = {
			isa = PBXTargetDependency;
			target = 926CF82C1C4ECD930084355B /* BMSAnalytics watchOS */;
			targetProxy = 9276B52F1C6D5B4C00E61F45 /* PBXContainerItemProxy */;
		};
/* End PBXTargetDependency section */

/* Begin PBXVariantGroup section */
		924E0ACA1CB5AC0400C2FEE2 /* Interface.storyboard */ = {
			isa = PBXVariantGroup;
			children = (
				924E0ACB1CB5AC0400C2FEE2 /* Base */,
			);
			name = Interface.storyboard;
			sourceTree = "<group>";
		};
		924E0AD41CB5AC0F00C2FEE2 /* LaunchScreen.storyboard */ = {
			isa = PBXVariantGroup;
			children = (
				924E0AD51CB5AC0F00C2FEE2 /* Base */,
			);
			name = LaunchScreen.storyboard;
			sourceTree = "<group>";
		};
		924E0AD61CB5AC0F00C2FEE2 /* Main.storyboard */ = {
			isa = PBXVariantGroup;
			children = (
				924E0AD71CB5AC0F00C2FEE2 /* Base */,
			);
			name = Main.storyboard;
			sourceTree = "<group>";
		};
/* End PBXVariantGroup section */

/* Begin XCBuildConfiguration section */
		926CF8201C4ECC330084355B /* Debug */ = {
			isa = XCBuildConfiguration;
			buildSettings = {
				ALWAYS_SEARCH_USER_PATHS = NO;
				CLANG_CXX_LANGUAGE_STANDARD = "gnu++0x";
				CLANG_CXX_LIBRARY = "libc++";
				CLANG_ENABLE_MODULES = YES;
				CLANG_ENABLE_OBJC_ARC = YES;
				CLANG_WARN_BOOL_CONVERSION = YES;
				CLANG_WARN_CONSTANT_CONVERSION = YES;
				CLANG_WARN_DIRECT_OBJC_ISA_USAGE = YES_ERROR;
				CLANG_WARN_EMPTY_BODY = YES;
				CLANG_WARN_ENUM_CONVERSION = YES;
				CLANG_WARN_INT_CONVERSION = YES;
				CLANG_WARN_OBJC_ROOT_CLASS = YES_ERROR;
				CLANG_WARN_UNREACHABLE_CODE = YES;
				CLANG_WARN__DUPLICATE_METHOD_MATCH = YES;
				"CODE_SIGN_IDENTITY[sdk=iphoneos*]" = "iPhone Developer";
				COPY_PHASE_STRIP = NO;
				CURRENT_PROJECT_VERSION = 1;
				DEBUG_INFORMATION_FORMAT = dwarf;
				ENABLE_STRICT_OBJC_MSGSEND = YES;
				ENABLE_TESTABILITY = YES;
				GCC_C_LANGUAGE_STANDARD = gnu99;
				GCC_DYNAMIC_NO_PIC = NO;
				GCC_NO_COMMON_BLOCKS = YES;
				GCC_OPTIMIZATION_LEVEL = 0;
				GCC_PREPROCESSOR_DEFINITIONS = (
					"DEBUG=1",
					"$(inherited)",
				);
				GCC_WARN_64_TO_32_BIT_CONVERSION = YES;
				GCC_WARN_ABOUT_RETURN_TYPE = YES_ERROR;
				GCC_WARN_UNDECLARED_SELECTOR = YES;
				GCC_WARN_UNINITIALIZED_AUTOS = YES_AGGRESSIVE;
				GCC_WARN_UNUSED_FUNCTION = YES;
				GCC_WARN_UNUSED_VARIABLE = YES;
				IPHONEOS_DEPLOYMENT_TARGET = 9.2;
				MTL_ENABLE_DEBUG_INFO = YES;
				ONLY_ACTIVE_ARCH = YES;
				SDKROOT = iphoneos;
				SWIFT_OPTIMIZATION_LEVEL = "-Onone";
				TARGETED_DEVICE_FAMILY = "1,2";
				VERSIONING_SYSTEM = "apple-generic";
				VERSION_INFO_PREFIX = "";
			};
			name = Debug;
		};
		926CF8211C4ECC330084355B /* Release */ = {
			isa = XCBuildConfiguration;
			buildSettings = {
				ALWAYS_SEARCH_USER_PATHS = NO;
				CLANG_CXX_LANGUAGE_STANDARD = "gnu++0x";
				CLANG_CXX_LIBRARY = "libc++";
				CLANG_ENABLE_MODULES = YES;
				CLANG_ENABLE_OBJC_ARC = YES;
				CLANG_WARN_BOOL_CONVERSION = YES;
				CLANG_WARN_CONSTANT_CONVERSION = YES;
				CLANG_WARN_DIRECT_OBJC_ISA_USAGE = YES_ERROR;
				CLANG_WARN_EMPTY_BODY = YES;
				CLANG_WARN_ENUM_CONVERSION = YES;
				CLANG_WARN_INT_CONVERSION = YES;
				CLANG_WARN_OBJC_ROOT_CLASS = YES_ERROR;
				CLANG_WARN_UNREACHABLE_CODE = YES;
				CLANG_WARN__DUPLICATE_METHOD_MATCH = YES;
				"CODE_SIGN_IDENTITY[sdk=iphoneos*]" = "iPhone Developer";
				COPY_PHASE_STRIP = NO;
				CURRENT_PROJECT_VERSION = 1;
				DEBUG_INFORMATION_FORMAT = "dwarf-with-dsym";
				ENABLE_NS_ASSERTIONS = NO;
				ENABLE_STRICT_OBJC_MSGSEND = YES;
				GCC_C_LANGUAGE_STANDARD = gnu99;
				GCC_NO_COMMON_BLOCKS = YES;
				GCC_WARN_64_TO_32_BIT_CONVERSION = YES;
				GCC_WARN_ABOUT_RETURN_TYPE = YES_ERROR;
				GCC_WARN_UNDECLARED_SELECTOR = YES;
				GCC_WARN_UNINITIALIZED_AUTOS = YES_AGGRESSIVE;
				GCC_WARN_UNUSED_FUNCTION = YES;
				GCC_WARN_UNUSED_VARIABLE = YES;
				IPHONEOS_DEPLOYMENT_TARGET = 9.2;
				MTL_ENABLE_DEBUG_INFO = NO;
				SDKROOT = iphoneos;
				TARGETED_DEVICE_FAMILY = "1,2";
				VALIDATE_PRODUCT = YES;
				VERSIONING_SYSTEM = "apple-generic";
				VERSION_INFO_PREFIX = "";
			};
			name = Release;
		};
		926CF8231C4ECC330084355B /* Debug */ = {
			isa = XCBuildConfiguration;
			buildSettings = {
				CLANG_ENABLE_MODULES = YES;
				DEFINES_MODULE = YES;
				DYLIB_COMPATIBILITY_VERSION = 1;
				DYLIB_CURRENT_VERSION = 1;
				DYLIB_INSTALL_NAME_BASE = "@rpath";
				FRAMEWORK_SEARCH_PATHS = (
					"$(inherited)",
					"$(PROJECT_DIR)/Carthage/Build/iOS",
				);
				INFOPLIST_FILE = Source/Resources/Info_iOS.plist;
				INSTALL_PATH = "$(LOCAL_LIBRARY_DIR)/Frameworks";
				IPHONEOS_DEPLOYMENT_TARGET = 8.0;
				LD_RUNPATH_SEARCH_PATHS = "$(inherited) @executable_path/Frameworks @loader_path/Frameworks";
				PRODUCT_BUNDLE_IDENTIFIER = com.ibm.mobilefirstplatform.clientsdk.swift.BMSAnalytics;
				PRODUCT_NAME = BMSAnalytics;
				SKIP_INSTALL = YES;
				SWIFT_OPTIMIZATION_LEVEL = "-Onone";
			};
			name = Debug;
		};
		926CF8241C4ECC330084355B /* Release */ = {
			isa = XCBuildConfiguration;
			buildSettings = {
				CLANG_ENABLE_MODULES = YES;
				DEFINES_MODULE = YES;
				DYLIB_COMPATIBILITY_VERSION = 1;
				DYLIB_CURRENT_VERSION = 1;
				DYLIB_INSTALL_NAME_BASE = "@rpath";
				FRAMEWORK_SEARCH_PATHS = (
					"$(inherited)",
					"$(PROJECT_DIR)/Carthage/Build/iOS",
				);
				INFOPLIST_FILE = Source/Resources/Info_iOS.plist;
				INSTALL_PATH = "$(LOCAL_LIBRARY_DIR)/Frameworks";
				IPHONEOS_DEPLOYMENT_TARGET = 8.0;
				LD_RUNPATH_SEARCH_PATHS = "$(inherited) @executable_path/Frameworks @loader_path/Frameworks";
				PRODUCT_BUNDLE_IDENTIFIER = com.ibm.mobilefirstplatform.clientsdk.swift.BMSAnalytics;
				PRODUCT_NAME = BMSAnalytics;
				SKIP_INSTALL = YES;
			};
			name = Release;
		};
		926CF8261C4ECC330084355B /* Debug */ = {
			isa = XCBuildConfiguration;
			buildSettings = {
				CLANG_ENABLE_MODULES = YES;
				FRAMEWORK_SEARCH_PATHS = (
					"$(inherited)",
					"$(PROJECT_DIR)/Carthage/Build/iOS",
				);
				INFOPLIST_FILE = "Tests/Unit Tests/Resources/Info.plist";
				LD_RUNPATH_SEARCH_PATHS = "$(inherited) @executable_path/Frameworks @loader_path/Frameworks";
				PRODUCT_BUNDLE_IDENTIFIER = "com.ibm.mobilefirstplatform.clientsdk.swift.BMSAnalytics-Tests";
				PRODUCT_NAME = "BMSAnalytics Tests";
				SWIFT_OPTIMIZATION_LEVEL = "-Onone";
			};
			name = Debug;
		};
		926CF8271C4ECC330084355B /* Release */ = {
			isa = XCBuildConfiguration;
			buildSettings = {
				CLANG_ENABLE_MODULES = YES;
				FRAMEWORK_SEARCH_PATHS = (
					"$(inherited)",
					"$(PROJECT_DIR)/Carthage/Build/iOS",
				);
				INFOPLIST_FILE = "Tests/Unit Tests/Resources/Info.plist";
				LD_RUNPATH_SEARCH_PATHS = "$(inherited) @executable_path/Frameworks @loader_path/Frameworks";
				PRODUCT_BUNDLE_IDENTIFIER = "com.ibm.mobilefirstplatform.clientsdk.swift.BMSAnalytics-Tests";
				PRODUCT_NAME = "BMSAnalytics Tests";
			};
			name = Release;
		};
		926CF8331C4ECD930084355B /* Debug */ = {
			isa = XCBuildConfiguration;
			buildSettings = {
				APPLICATION_EXTENSION_API_ONLY = NO;
				CLANG_ENABLE_MODULES = YES;
				DEFINES_MODULE = YES;
				DYLIB_COMPATIBILITY_VERSION = 1;
				DYLIB_CURRENT_VERSION = 1;
				DYLIB_INSTALL_NAME_BASE = "@rpath";
				FRAMEWORK_SEARCH_PATHS = (
					"$(inherited)",
					"$(PROJECT_DIR)/Carthage/Build/watchOS",
				);
				INFOPLIST_FILE = Source/Resources/Info_watchOS.plist;
				INSTALL_PATH = "$(LOCAL_LIBRARY_DIR)/Frameworks";
				LD_RUNPATH_SEARCH_PATHS = "$(inherited) @executable_path/Frameworks @loader_path/Frameworks";
				PRODUCT_BUNDLE_IDENTIFIER = com.ibm.mobilefirstplatform.clientsdk.swift.BMSAnalytics;
				PRODUCT_NAME = BMSAnalytics;
				SDKROOT = watchos;
				SKIP_INSTALL = YES;
				SWIFT_OPTIMIZATION_LEVEL = "-Onone";
				TARGETED_DEVICE_FAMILY = 4;
				WATCHOS_DEPLOYMENT_TARGET = 2.1;
			};
			name = Debug;
		};
		926CF8341C4ECD930084355B /* Release */ = {
			isa = XCBuildConfiguration;
			buildSettings = {
				APPLICATION_EXTENSION_API_ONLY = NO;
				CLANG_ENABLE_MODULES = YES;
				DEFINES_MODULE = YES;
				DYLIB_COMPATIBILITY_VERSION = 1;
				DYLIB_CURRENT_VERSION = 1;
				DYLIB_INSTALL_NAME_BASE = "@rpath";
				FRAMEWORK_SEARCH_PATHS = (
					"$(inherited)",
					"$(PROJECT_DIR)/Carthage/Build/watchOS",
				);
				INFOPLIST_FILE = Source/Resources/Info_watchOS.plist;
				INSTALL_PATH = "$(LOCAL_LIBRARY_DIR)/Frameworks";
				LD_RUNPATH_SEARCH_PATHS = "$(inherited) @executable_path/Frameworks @loader_path/Frameworks";
				PRODUCT_BUNDLE_IDENTIFIER = com.ibm.mobilefirstplatform.clientsdk.swift.BMSAnalytics;
				PRODUCT_NAME = BMSAnalytics;
				SDKROOT = watchos;
				SKIP_INSTALL = YES;
				TARGETED_DEVICE_FAMILY = 4;
				WATCHOS_DEPLOYMENT_TARGET = 2.1;
			};
			name = Release;
		};
		926CF8491C4ECDBD0084355B /* Debug */ = {
			isa = XCBuildConfiguration;
			buildSettings = {
				ASSETCATALOG_COMPILER_APPICON_NAME = AppIcon;
				FRAMEWORK_SEARCH_PATHS = (
					"$(inherited)",
					"$(PROJECT_DIR)/Carthage/Build/iOS",
				);
				INFOPLIST_FILE = "Tests/Test Apps/TestApp iOS/Resources/Info.plist";
				IPHONEOS_DEPLOYMENT_TARGET = 9.0;
				LD_RUNPATH_SEARCH_PATHS = "$(inherited) @executable_path/Frameworks";
				PRODUCT_BUNDLE_IDENTIFIER = com.ibm.mobilefirstplatform.clientsdk.swift.TestAppiOS;
				PRODUCT_NAME = "$(TARGET_NAME)";
			};
			name = Debug;
		};
		926CF84A1C4ECDBD0084355B /* Release */ = {
			isa = XCBuildConfiguration;
			buildSettings = {
				ASSETCATALOG_COMPILER_APPICON_NAME = AppIcon;
				FRAMEWORK_SEARCH_PATHS = (
					"$(inherited)",
					"$(PROJECT_DIR)/Carthage/Build/iOS",
				);
				INFOPLIST_FILE = "Tests/Test Apps/TestApp iOS/Resources/Info.plist";
				IPHONEOS_DEPLOYMENT_TARGET = 9.0;
				LD_RUNPATH_SEARCH_PATHS = "$(inherited) @executable_path/Frameworks";
				PRODUCT_BUNDLE_IDENTIFIER = com.ibm.mobilefirstplatform.clientsdk.swift.TestAppiOS;
				PRODUCT_NAME = "$(TARGET_NAME)";
			};
			name = Release;
		};
		926CF8691C4ECDF80084355B /* Debug */ = {
			isa = XCBuildConfiguration;
			buildSettings = {
				APPLICATION_EXTENSION_API_ONLY = NO;
				FRAMEWORK_SEARCH_PATHS = (
					"$(inherited)",
					"$(PROJECT_DIR)/Carthage/Build/watchOS",
				);
				INFOPLIST_FILE = "Tests/Test Apps/TestApp watchOS Extension/Resources/Info.plist";
				LD_RUNPATH_SEARCH_PATHS = "$(inherited) @executable_path/Frameworks @executable_path/../../Frameworks";
				PRODUCT_BUNDLE_IDENTIFIER = com.ibm.mobilefirstplatform.clientsdk.swift.TestAppiOS.watchkitapp.watchkitextension;
				PRODUCT_NAME = "${TARGET_NAME}";
				SDKROOT = watchos;
				SKIP_INSTALL = YES;
				TARGETED_DEVICE_FAMILY = 4;
				WATCHOS_DEPLOYMENT_TARGET = 2.1;
			};
			name = Debug;
		};
		926CF86A1C4ECDF80084355B /* Release */ = {
			isa = XCBuildConfiguration;
			buildSettings = {
				APPLICATION_EXTENSION_API_ONLY = NO;
				FRAMEWORK_SEARCH_PATHS = (
					"$(inherited)",
					"$(PROJECT_DIR)/Carthage/Build/watchOS",
				);
				INFOPLIST_FILE = "Tests/Test Apps/TestApp watchOS Extension/Resources/Info.plist";
				LD_RUNPATH_SEARCH_PATHS = "$(inherited) @executable_path/Frameworks @executable_path/../../Frameworks";
				PRODUCT_BUNDLE_IDENTIFIER = com.ibm.mobilefirstplatform.clientsdk.swift.TestAppiOS.watchkitapp.watchkitextension;
				PRODUCT_NAME = "${TARGET_NAME}";
				SDKROOT = watchos;
				SKIP_INSTALL = YES;
				TARGETED_DEVICE_FAMILY = 4;
				WATCHOS_DEPLOYMENT_TARGET = 2.1;
			};
			name = Release;
		};
		926CF86D1C4ECDF80084355B /* Debug */ = {
			isa = XCBuildConfiguration;
			buildSettings = {
				ASSETCATALOG_COMPILER_APPICON_NAME = AppIcon;
				EMBEDDED_CONTENT_CONTAINS_SWIFT = YES;
				IBSC_MODULE = TestAppWatchOS_Extension;
				INFOPLIST_FILE = "Tests/Test Apps/TestApp watchOS/Resources/Info.plist";
				PRODUCT_BUNDLE_IDENTIFIER = com.ibm.mobilefirstplatform.clientsdk.swift.TestAppiOS.watchkitapp;
				PRODUCT_NAME = "$(TARGET_NAME)";
				SDKROOT = watchos;
				SKIP_INSTALL = YES;
				TARGETED_DEVICE_FAMILY = 4;
				WATCHOS_DEPLOYMENT_TARGET = 2.1;
			};
			name = Debug;
		};
		926CF86E1C4ECDF80084355B /* Release */ = {
			isa = XCBuildConfiguration;
			buildSettings = {
				ASSETCATALOG_COMPILER_APPICON_NAME = AppIcon;
				EMBEDDED_CONTENT_CONTAINS_SWIFT = YES;
				IBSC_MODULE = TestAppWatchOS_Extension;
				INFOPLIST_FILE = "Tests/Test Apps/TestApp watchOS/Resources/Info.plist";
				PRODUCT_BUNDLE_IDENTIFIER = com.ibm.mobilefirstplatform.clientsdk.swift.TestAppiOS.watchkitapp;
				PRODUCT_NAME = "$(TARGET_NAME)";
				SDKROOT = watchos;
				SKIP_INSTALL = YES;
				TARGETED_DEVICE_FAMILY = 4;
				WATCHOS_DEPLOYMENT_TARGET = 2.1;
			};
			name = Release;
		};
/* End XCBuildConfiguration section */

/* Begin XCConfigurationList section */
		926CF8081C4ECC330084355B /* Build configuration list for PBXProject "BMSAnalytics" */ = {
			isa = XCConfigurationList;
			buildConfigurations = (
				926CF8201C4ECC330084355B /* Debug */,
				926CF8211C4ECC330084355B /* Release */,
			);
			defaultConfigurationIsVisible = 0;
			defaultConfigurationName = Release;
		};
		926CF8221C4ECC330084355B /* Build configuration list for PBXNativeTarget "BMSAnalytics iOS" */ = {
			isa = XCConfigurationList;
			buildConfigurations = (
				926CF8231C4ECC330084355B /* Debug */,
				926CF8241C4ECC330084355B /* Release */,
			);
			defaultConfigurationIsVisible = 0;
			defaultConfigurationName = Release;
		};
		926CF8251C4ECC330084355B /* Build configuration list for PBXNativeTarget "BMSAnalytics Tests" */ = {
			isa = XCConfigurationList;
			buildConfigurations = (
				926CF8261C4ECC330084355B /* Debug */,
				926CF8271C4ECC330084355B /* Release */,
			);
			defaultConfigurationIsVisible = 0;
			defaultConfigurationName = Release;
		};
		926CF8321C4ECD930084355B /* Build configuration list for PBXNativeTarget "BMSAnalytics watchOS" */ = {
			isa = XCConfigurationList;
			buildConfigurations = (
				926CF8331C4ECD930084355B /* Debug */,
				926CF8341C4ECD930084355B /* Release */,
			);
			defaultConfigurationIsVisible = 0;
			defaultConfigurationName = Release;
		};
		926CF8481C4ECDBD0084355B /* Build configuration list for PBXNativeTarget "TestApp iOS" */ = {
			isa = XCConfigurationList;
			buildConfigurations = (
				926CF8491C4ECDBD0084355B /* Debug */,
				926CF84A1C4ECDBD0084355B /* Release */,
			);
			defaultConfigurationIsVisible = 0;
			defaultConfigurationName = Release;
		};
		926CF8681C4ECDF80084355B /* Build configuration list for PBXNativeTarget "TestApp watchOS Extension" */ = {
			isa = XCConfigurationList;
			buildConfigurations = (
				926CF8691C4ECDF80084355B /* Debug */,
				926CF86A1C4ECDF80084355B /* Release */,
			);
			defaultConfigurationIsVisible = 0;
			defaultConfigurationName = Release;
		};
		926CF86C1C4ECDF80084355B /* Build configuration list for PBXNativeTarget "TestApp watchOS" */ = {
			isa = XCConfigurationList;
			buildConfigurations = (
				926CF86D1C4ECDF80084355B /* Debug */,
				926CF86E1C4ECDF80084355B /* Release */,
			);
			defaultConfigurationIsVisible = 0;
			defaultConfigurationName = Release;
		};
/* End XCConfigurationList section */
	};
	rootObject = 926CF8051C4ECC330084355B /* Project object */;
}
