PODS:
  - BMSCore (0.0.19)

DEPENDENCIES:
  - BMSCore (from `https://github.com/ibm-bluemix-mobile-services/bms-clientsdk-swift-core.git`,
    commit `94e24516be3aa82a7e89c541dbccd4e11c48b394`)

EXTERNAL SOURCES:
  BMSCore:
    :commit: 94e24516be3aa82a7e89c541dbccd4e11c48b394
    :git: https://github.com/ibm-bluemix-mobile-services/bms-clientsdk-swift-core.git

CHECKOUT OPTIONS:
  BMSCore:
    :commit: 94e24516be3aa82a7e89c541dbccd4e11c48b394
    :git: https://github.com/ibm-bluemix-mobile-services/bms-clientsdk-swift-core.git

SPEC CHECKSUMS:
  BMSCore: 36863f5e14225ff0b47e756b5fd9b9cb04a15e7f

COCOAPODS: 0.39.0
