PODS:
  - BMSAnalyticsAPI (2.1.2)
  - BMSCore (2.1.1):
    - BMSAnalyticsAPI (~> 2.1)

DEPENDENCIES:
  - BMSCore (~> 2.1)

SPEC CHECKSUMS:
  BMSAnalyticsAPI: 23fa72ee364ec4a73598792895ee98283be0a1ca
  BMSCore: 309474c932531eb0f95ca012c89d6eee3ac3f041

PODFILE CHECKSUM: 3132bb346b17407ac2c7dbd035523fcaf9b97751

COCOAPODS: 1.1.1
